// !$*UTF8*$!
{
	archiveVersion = 1;
	classes = {
	};
	objectVersion = 46;
	objects = {

/* Begin PBXBuildFile section */
		CEE31D5918762984006CF411 /* Foundation.framework in Frameworks */ = {isa = PBXBuildFile; fileRef = CEE31D5818762984006CF411 /* Foundation.framework */; };
		CEE31D5B18762984006CF411 /* CoreGraphics.framework in Frameworks */ = {isa = PBXBuildFile; fileRef = CEE31D5A18762984006CF411 /* CoreGraphics.framework */; };
		CEE31D5D18762984006CF411 /* UIKit.framework in Frameworks */ = {isa = PBXBuildFile; fileRef = CEE31D5C18762984006CF411 /* UIKit.framework */; };
		CEE31D5F18762984006CF411 /* CoreData.framework in Frameworks */ = {isa = PBXBuildFile; fileRef = CEE31D5E18762984006CF411 /* CoreData.framework */; };
		CEE31D6518762984006CF411 /* InfoPlist.strings in Resources */ = {isa = PBXBuildFile; fileRef = CEE31D6318762984006CF411 /* InfoPlist.strings */; };
		CEE31D6718762984006CF411 /* main.m in Sources */ = {isa = PBXBuildFile; fileRef = CEE31D6618762984006CF411 /* main.m */; };
		CEE31D6B18762984006CF411 /* AppDelegate.m in Sources */ = {isa = PBXBuildFile; fileRef = CEE31D6A18762984006CF411 /* AppDelegate.m */; };
		CEE31D6E18762984006CF411 /* lala.xcdatamodeld in Sources */ = {isa = PBXBuildFile; fileRef = CEE31D6C18762984006CF411 /* lala.xcdatamodeld */; };
		CEE31D7018762984006CF411 /* Images.xcassets in Resources */ = {isa = PBXBuildFile; fileRef = CEE31D6F18762984006CF411 /* Images.xcassets */; };
		CEE31D7718762984006CF411 /* XCTest.framework in Frameworks */ = {isa = PBXBuildFile; fileRef = CEE31D7618762984006CF411 /* XCTest.framework */; };
		CEE31D7818762984006CF411 /* Foundation.framework in Frameworks */ = {isa = PBXBuildFile; fileRef = CEE31D5818762984006CF411 /* Foundation.framework */; };
		CEE31D7918762984006CF411 /* UIKit.framework in Frameworks */ = {isa = PBXBuildFile; fileRef = CEE31D5C18762984006CF411 /* UIKit.framework */; };
		CEE31D7A18762984006CF411 /* CoreData.framework in Frameworks */ = {isa = PBXBuildFile; fileRef = CEE31D5E18762984006CF411 /* CoreData.framework */; };
		CEE31D8218762984006CF411 /* InfoPlist.strings in Resources */ = {isa = PBXBuildFile; fileRef = CEE31D8018762984006CF411 /* InfoPlist.strings */; };
		CEE31D8418762984006CF411 /* lalaTests.m in Sources */ = {isa = PBXBuildFile; fileRef = CEE31D8318762984006CF411 /* lalaTests.m */; };
		CEE31D901876299D006CF411 /* myViewController.m in Sources */ = {isa = PBXBuildFile; fileRef = CEE31D8E1876299D006CF411 /* myViewController.m */; };
		CEE31D911876299D006CF411 /* myViewController.xib in Resources */ = {isa = PBXBuildFile; fileRef = CEE31D8F1876299D006CF411 /* myViewController.xib */; };
		CEE31D9318762A5C006CF411 /* www.jpg in Resources */ = {isa = PBXBuildFile; fileRef = CEE31D9218762A5C006CF411 /* www.jpg */; };
/* End PBXBuildFile section */

/* Begin PBXContainerItemProxy section */
		CEE31D7B18762984006CF411 /* PBXContainerItemProxy */ = {
			isa = PBXContainerItemProxy;
			containerPortal = CEE31D4D18762984006CF411 /* Project object */;
			proxyType = 1;
			remoteGlobalIDString = CEE31D5418762984006CF411;
			remoteInfo = lala;
		};
/* End PBXContainerItemProxy section */

/* Begin PBXFileReference section */
		CEE31D5518762984006CF411 /* lala.app */ = {isa = PBXFileReference; explicitFileType = wrapper.application; includeInIndex = 0; path = lala.app; sourceTree = BUILT_PRODUCTS_DIR; };
		CEE31D5818762984006CF411 /* Foundation.framework */ = {isa = PBXFileReference; lastKnownFileType = wrapper.framework; name = Foundation.framework; path = System/Library/Frameworks/Foundation.framework; sourceTree = SDKROOT; };
		CEE31D5A18762984006CF411 /* CoreGraphics.framework */ = {isa = PBXFileReference; lastKnownFileType = wrapper.framework; name = CoreGraphics.framework; path = System/Library/Frameworks/CoreGraphics.framework; sourceTree = SDKROOT; };
		CEE31D5C18762984006CF411 /* UIKit.framework */ = {isa = PBXFileReference; lastKnownFileType = wrapper.framework; name = UIKit.framework; path = System/Library/Frameworks/UIKit.framework; sourceTree = SDKROOT; };
		CEE31D5E18762984006CF411 /* CoreData.framework */ = {isa = PBXFileReference; lastKnownFileType = wrapper.framework; name = CoreData.framework; path = System/Library/Frameworks/CoreData.framework; sourceTree = SDKROOT; };
		CEE31D6218762984006CF411 /* lala-Info.plist */ = {isa = PBXFileReference; lastKnownFileType = text.plist.xml; path = "lala-Info.plist"; sourceTree = "<group>"; };
		CEE31D6418762984006CF411 /* en */ = {isa = PBXFileReference; lastKnownFileType = text.plist.strings; name = en; path = en.lproj/InfoPlist.strings; sourceTree = "<group>"; };
		CEE31D6618762984006CF411 /* main.m */ = {isa = PBXFileReference; lastKnownFileType = sourcecode.c.objc; path = main.m; sourceTree = "<group>"; };
		CEE31D6818762984006CF411 /* lala-Prefix.pch */ = {isa = PBXFileReference; lastKnownFileType = sourcecode.c.h; path = "lala-Prefix.pch"; sourceTree = "<group>"; };
		CEE31D6918762984006CF411 /* AppDelegate.h */ = {isa = PBXFileReference; lastKnownFileType = sourcecode.c.h; path = AppDelegate.h; sourceTree = "<group>"; };
		CEE31D6A18762984006CF411 /* AppDelegate.m */ = {isa = PBXFileReference; lastKnownFileType = sourcecode.c.objc; path = AppDelegate.m; sourceTree = "<group>"; };
		CEE31D6D18762984006CF411 /* lala.xcdatamodel */ = {isa = PBXFileReference; lastKnownFileType = wrapper.xcdatamodel; path = lala.xcdatamodel; sourceTree = "<group>"; };
		CEE31D6F18762984006CF411 /* Images.xcassets */ = {isa = PBXFileReference; lastKnownFileType = folder.assetcatalog; path = Images.xcassets; sourceTree = "<group>"; };
		CEE31D7518762984006CF411 /* lalaTests.xctest */ = {isa = PBXFileReference; explicitFileType = wrapper.cfbundle; includeInIndex = 0; path = lalaTests.xctest; sourceTree = BUILT_PRODUCTS_DIR; };
		CEE31D7618762984006CF411 /* XCTest.framework */ = {isa = PBXFileReference; lastKnownFileType = wrapper.framework; name = XCTest.framework; path = Library/Frameworks/XCTest.framework; sourceTree = DEVELOPER_DIR; };
		CEE31D7F18762984006CF411 /* lalaTests-Info.plist */ = {isa = PBXFileReference; lastKnownFileType = text.plist.xml; path = "lalaTests-Info.plist"; sourceTree = "<group>"; };
		CEE31D8118762984006CF411 /* en */ = {isa = PBXFileReference; lastKnownFileType = text.plist.strings; name = en; path = en.lproj/InfoPlist.strings; sourceTree = "<group>"; };
		CEE31D8318762984006CF411 /* lalaTests.m */ = {isa = PBXFileReference; lastKnownFileType = sourcecode.c.objc; path = lalaTests.m; sourceTree = "<group>"; };
		CEE31D8D1876299D006CF411 /* myViewController.h */ = {isa = PBXFileReference; fileEncoding = 4; lastKnownFileType = sourcecode.c.h; path = myViewController.h; sourceTree = "<group>"; };
		CEE31D8E1876299D006CF411 /* myViewController.m */ = {isa = PBXFileReference; fileEncoding = 4; lastKnownFileType = sourcecode.c.objc; path = myViewController.m; sourceTree = "<group>"; };
		CEE31D8F1876299D006CF411 /* myViewController.xib */ = {isa = PBXFileReference; fileEncoding = 4; lastKnownFileType = file.xib; path = myViewController.xib; sourceTree = "<group>"; };
		CEE31D9218762A5C006CF411 /* www.jpg */ = {isa = PBXFileReference; lastKnownFileType = image.jpeg; path = www.jpg; sourceTree = "<group>"; };
/* End PBXFileReference section */

/* Begin PBXFrameworksBuildPhase section */
		CEE31D5218762984006CF411 /* Frameworks */ = {
			isa = PBXFrameworksBuildPhase;
			buildActionMask = 2147483647;
			files = (
				CEE31D5B18762984006CF411 /* CoreGraphics.framework in Frameworks */,
				CEE31D5F18762984006CF411 /* CoreData.framework in Frameworks */,
				CEE31D5D18762984006CF411 /* UIKit.framework in Frameworks */,
				CEE31D5918762984006CF411 /* Foundation.framework in Frameworks */,
			);
			runOnlyForDeploymentPostprocessing = 0;
		};
		CEE31D7218762984006CF411 /* Frameworks */ = {
			isa = PBXFrameworksBuildPhase;
			buildActionMask = 2147483647;
			files = (
				CEE31D7718762984006CF411 /* XCTest.framework in Frameworks */,
				CEE31D7A18762984006CF411 /* CoreData.framework in Frameworks */,
				CEE31D7918762984006CF411 /* UIKit.framework in Frameworks */,
				CEE31D7818762984006CF411 /* Foundation.framework in Frameworks */,
			);
			runOnlyForDeploymentPostprocessing = 0;
		};
/* End PBXFrameworksBuildPhase section */

/* Begin PBXGroup section */
		CEE31D4C18762984006CF411 = {
			isa = PBXGroup;
			children = (
				CEE31D6018762984006CF411 /* lala */,
				CEE31D7D18762984006CF411 /* lalaTests */,
				CEE31D5718762984006CF411 /* Frameworks */,
				CEE31D5618762984006CF411 /* Products */,
			);
			sourceTree = "<group>";
		};
		CEE31D5618762984006CF411 /* Products */ = {
			isa = PBXGroup;
			children = (
				CEE31D5518762984006CF411 /* lala.app */,
				CEE31D7518762984006CF411 /* lalaTests.xctest */,
			);
			name = Products;
			sourceTree = "<group>";
		};
		CEE31D5718762984006CF411 /* Frameworks */ = {
			isa = PBXGroup;
			children = (
				CEE31D5818762984006CF411 /* Foundation.framework */,
				CEE31D5A18762984006CF411 /* CoreGraphics.framework */,
				CEE31D5C18762984006CF411 /* UIKit.framework */,
				CEE31D5E18762984006CF411 /* CoreData.framework */,
				CEE31D7618762984006CF411 /* XCTest.framework */,
			);
			name = Frameworks;
			sourceTree = "<group>";
		};
		CEE31D6018762984006CF411 /* lala */ = {
			isa = PBXGroup;
			children = (
				CEE31D9218762A5C006CF411 /* www.jpg */,
				CEE31D6918762984006CF411 /* AppDelegate.h */,
				CEE31D6A18762984006CF411 /* AppDelegate.m */,
				CEE31D6F18762984006CF411 /* Images.xcassets */,
				CEE31D6C18762984006CF411 /* lala.xcdatamodeld */,
				CEE31D6118762984006CF411 /* Supporting Files */,
				CEE31D8D1876299D006CF411 /* myViewController.h */,
				CEE31D8E1876299D006CF411 /* myViewController.m */,
				CEE31D8F1876299D006CF411 /* myViewController.xib */,
			);
			path = lala;
			sourceTree = "<group>";
		};
		CEE31D6118762984006CF411 /* Supporting Files */ = {
			isa = PBXGroup;
			children = (
				CEE31D6218762984006CF411 /* lala-Info.plist */,
				CEE31D6318762984006CF411 /* InfoPlist.strings */,
				CEE31D6618762984006CF411 /* main.m */,
				CEE31D6818762984006CF411 /* lala-Prefix.pch */,
			);
			name = "Supporting Files";
			sourceTree = "<group>";
		};
		CEE31D7D18762984006CF411 /* lalaTests */ = {
			isa = PBXGroup;
			children = (
				CEE31D8318762984006CF411 /* lalaTests.m */,
				CEE31D7E18762984006CF411 /* Supporting Files */,
			);
			path = lalaTests;
			sourceTree = "<group>";
		};
		CEE31D7E18762984006CF411 /* Supporting Files */ = {
			isa = PBXGroup;
			children = (
				CEE31D7F18762984006CF411 /* lalaTests-Info.plist */,
				CEE31D8018762984006CF411 /* InfoPlist.strings */,
			);
			name = "Supporting Files";
			sourceTree = "<group>";
		};
/* End PBXGroup section */

/* Begin PBXNativeTarget section */
		CEE31D5418762984006CF411 /* lala */ = {
			isa = PBXNativeTarget;
			buildConfigurationList = CEE31D8718762984006CF411 /* Build configuration list for PBXNativeTarget "lala" */;
			buildPhases = (
				CEE31D5118762984006CF411 /* Sources */,
				CEE31D5218762984006CF411 /* Frameworks */,
				CEE31D5318762984006CF411 /* Resources */,
			);
			buildRules = (
			);
			dependencies = (
			);
			name = lala;
			productName = lala;
			productReference = CEE31D5518762984006CF411 /* lala.app */;
			productType = "com.apple.product-type.application";
		};
		CEE31D7418762984006CF411 /* lalaTests */ = {
			isa = PBXNativeTarget;
			buildConfigurationList = CEE31D8A18762984006CF411 /* Build configuration list for PBXNativeTarget "lalaTests" */;
			buildPhases = (
				CEE31D7118762984006CF411 /* Sources */,
				CEE31D7218762984006CF411 /* Frameworks */,
				CEE31D7318762984006CF411 /* Resources */,
			);
			buildRules = (
			);
			dependencies = (
				CEE31D7C18762984006CF411 /* PBXTargetDependency */,
			);
			name = lalaTests;
			productName = lalaTests;
			productReference = CEE31D7518762984006CF411 /* lalaTests.xctest */;
			productType = "com.apple.product-type.bundle.unit-test";
		};
/* End PBXNativeTarget section */

/* Begin PBXProject section */
		CEE31D4D18762984006CF411 /* Project object */ = {
			isa = PBXProject;
			attributes = {
				LastUpgradeCheck = 0500;
				ORGANIZATIONNAME = User;
				TargetAttributes = {
					CEE31D7418762984006CF411 = {
						TestTargetID = CEE31D5418762984006CF411;
					};
				};
			};
			buildConfigurationList = CEE31D5018762984006CF411 /* Build configuration list for PBXProject "lala" */;
			compatibilityVersion = "Xcode 3.2";
			developmentRegion = English;
			hasScannedForEncodings = 0;
			knownRegions = (
				en,
			);
			mainGroup = CEE31D4C18762984006CF411;
			productRefGroup = CEE31D5618762984006CF411 /* Products */;
			projectDirPath = "";
			projectRoot = "";
			targets = (
				CEE31D5418762984006CF411 /* lala */,
				CEE31D7418762984006CF411 /* lalaTests */,
			);
		};
/* End PBXProject section */

/* Begin PBXResourcesBuildPhase section */
		CEE31D5318762984006CF411 /* Resources */ = {
			isa = PBXResourcesBuildPhase;
			buildActionMask = 2147483647;
			files = (
				CEE31D6518762984006CF411 /* InfoPlist.strings in Resources */,
				CEE31D911876299D006CF411 /* myViewController.xib in Resources */,
				CEE31D7018762984006CF411 /* Images.xcassets in Resources */,
				CEE31D9318762A5C006CF411 /* www.jpg in Resources */,
			);
			runOnlyForDeploymentPostprocessing = 0;
		};
		CEE31D7318762984006CF411 /* Resources */ = {
			isa = PBXResourcesBuildPhase;
			buildActionMask = 2147483647;
			files = (
				CEE31D8218762984006CF411 /* InfoPlist.strings in Resources */,
			);
			runOnlyForDeploymentPostprocessing = 0;
		};
/* End PBXResourcesBuildPhase section */

/* Begin PBXSourcesBuildPhase section */
		CEE31D5118762984006CF411 /* Sources */ = {
			isa = PBXSourcesBuildPhase;
			buildActionMask = 2147483647;
			files = (
				CEE31D6B18762984006CF411 /* AppDelegate.m in Sources */,
				CEE31D6E18762984006CF411 /* lala.xcdatamodeld in Sources */,
				CEE31D901876299D006CF411 /* myViewController.m in Sources */,
				CEE31D6718762984006CF411 /* main.m in Sources */,
			);
			runOnlyForDeploymentPostprocessing = 0;
		};
		CEE31D7118762984006CF411 /* Sources */ = {
			isa = PBXSourcesBuildPhase;
			buildActionMask = 2147483647;
			files = (
				CEE31D8418762984006CF411 /* lalaTests.m in Sources */,
			);
			runOnlyForDeploymentPostprocessing = 0;
		};
/* End PBXSourcesBuildPhase section */

/* Begin PBXTargetDependency section */
		CEE31D7C18762984006CF411 /* PBXTargetDependency */ = {
			isa = PBXTargetDependency;
			target = CEE31D5418762984006CF411 /* lala */;
			targetProxy = CEE31D7B18762984006CF411 /* PBXContainerItemProxy */;
		};
/* End PBXTargetDependency section */

/* Begin PBXVariantGroup section */
		CEE31D6318762984006CF411 /* InfoPlist.strings */ = {
			isa = PBXVariantGroup;
			children = (
				CEE31D6418762984006CF411 /* en */,
			);
			name = InfoPlist.strings;
			sourceTree = "<group>";
		};
		CEE31D8018762984006CF411 /* InfoPlist.strings */ = {
			isa = PBXVariantGroup;
			children = (
				CEE31D8118762984006CF411 /* en */,
			);
			name = InfoPlist.strings;
			sourceTree = "<group>";
		};
/* End PBXVariantGroup section */

/* Begin XCBuildConfiguration section */
		CEE31D8518762984006CF411 /* Debug */ = {
			isa = XCBuildConfiguration;
			buildSettings = {
				ALWAYS_SEARCH_USER_PATHS = NO;
				ARCHS = "$(ARCHS_STANDARD_INCLUDING_64_BIT)";
				CLANG_CXX_LANGUAGE_STANDARD = "gnu++0x";
				CLANG_CXX_LIBRARY = "libc++";
				CLANG_ENABLE_MODULES = YES;
				CLANG_ENABLE_OBJC_ARC = YES;
				CLANG_WARN_BOOL_CONVERSION = YES;
				CLANG_WARN_CONSTANT_CONVERSION = YES;
				CLANG_WARN_DIRECT_OBJC_ISA_USAGE = YES_ERROR;
				CLANG_WARN_EMPTY_BODY = YES;
				CLANG_WARN_ENUM_CONVERSION = YES;
				CLANG_WARN_INT_CONVERSION = YES;
				CLANG_WARN_OBJC_ROOT_CLASS = YES_ERROR;
				CLANG_WARN__DUPLICATE_METHOD_MATCH = YES;
				"CODE_SIGN_IDENTITY[sdk=iphoneos*]" = "iPhone Developer";
				COPY_PHASE_STRIP = NO;
				GCC_C_LANGUAGE_STANDARD = gnu99;
				GCC_DYNAMIC_NO_PIC = NO;
				GCC_OPTIMIZATION_LEVEL = 0;
				GCC_PREPROCESSOR_DEFINITIONS = (
					"DEBUG=1",
					"$(inherited)",
				);
				GCC_SYMBOLS_PRIVATE_EXTERN = NO;
				GCC_WARN_64_TO_32_BIT_CONVERSION = YES;
				GCC_WARN_ABOUT_RETURN_TYPE = YES_ERROR;
				GCC_WARN_UNDECLARED_SELECTOR = YES;
				GCC_WARN_UNINITIALIZED_AUTOS = YES;
				GCC_WARN_UNUSED_FUNCTION = YES;
				GCC_WARN_UNUSED_VARIABLE = YES;
				IPHONEOS_DEPLOYMENT_TARGET = 7.0;
				ONLY_ACTIVE_ARCH = YES;
				SDKROOT = iphoneos;
				TARGETED_DEVICE_FAMILY = 2;
			};
			name = Debug;
		};
		CEE31D8618762984006CF411 /* Release */ = {
			isa = XCBuildConfiguration;
			buildSettings = {
				ALWAYS_SEARCH_USER_PATHS = NO;
				ARCHS = "$(ARCHS_STANDARD_INCLUDING_64_BIT)";
				CLANG_CXX_LANGUAGE_STANDARD = "gnu++0x";
				CLANG_CXX_LIBRARY = "libc++";
				CLANG_ENABLE_MODULES = YES;
				CLANG_ENABLE_OBJC_ARC = YES;
				CLANG_WARN_BOOL_CONVERSION = YES;
				CLANG_WARN_CONSTANT_CONVERSION = YES;
				CLANG_WARN_DIRECT_OBJC_ISA_USAGE = YES_ERROR;
				CLANG_WARN_EMPTY_BODY = YES;
				CLANG_WARN_ENUM_CONVERSION = YES;
				CLANG_WARN_INT_CONVERSION = YES;
				CLANG_WARN_OBJC_ROOT_CLASS = YES_ERROR;
				CLANG_WARN__DUPLICATE_METHOD_MATCH = YES;
				"CODE_SIGN_IDENTITY[sdk=iphoneos*]" = "iPhone Developer";
				COPY_PHASE_STRIP = YES;
				ENABLE_NS_ASSERTIONS = NO;
				GCC_C_LANGUAGE_STANDARD = gnu99;
				GCC_WARN_64_TO_32_BIT_CONVERSION = YES;
				GCC_WARN_ABOUT_RETURN_TYPE = YES_ERROR;
				GCC_WARN_UNDECLARED_SELECTOR = YES;
				GCC_WARN_UNINITIALIZED_AUTOS = YES;
				GCC_WARN_UNUSED_FUNCTION = YES;
				GCC_WARN_UNUSED_VARIABLE = YES;
				IPHONEOS_DEPLOYMENT_TARGET = 7.0;
				SDKROOT = iphoneos;
				TARGETED_DEVICE_FAMILY = 2;
				VALIDATE_PRODUCT = YES;
			};
			name = Release;
		};
		CEE31D8818762984006CF411 /* Debug */ = {
			isa = XCBuildConfiguration;
			buildSettings = {
				ASSETCATALOG_COMPILER_APPICON_NAME = AppIcon;
				ASSETCATALOG_COMPILER_LAUNCHIMAGE_NAME = LaunchImage;
				GCC_PRECOMPILE_PREFIX_HEADER = YES;
				GCC_PREFIX_HEADER = "lala/lala-Prefix.pch";
				INFOPLIST_FILE = "lala/lala-Info.plist";
				PRODUCT_NAME = "$(TARGET_NAME)";
				WRAPPER_EXTENSION = app;
			};
			name = Debug;
		};
		CEE31D8918762984006CF411 /* Release */ = {
			isa = XCBuildConfiguration;
			buildSettings = {
				ASSETCATALOG_COMPILER_APPICON_NAME = AppIcon;
				ASSETCATALOG_COMPILER_LAUNCHIMAGE_NAME = LaunchImage;
				GCC_PRECOMPILE_PREFIX_HEADER = YES;
				GCC_PREFIX_HEADER = "lala/lala-Prefix.pch";
				INFOPLIST_FILE = "lala/lala-Info.plist";
				PRODUCT_NAME = "$(TARGET_NAME)";
				WRAPPER_EXTENSION = app;
			};
			name = Release;
		};
		CEE31D8B18762984006CF411 /* Debug */ = {
			isa = XCBuildConfiguration;
			buildSettings = {
				ARCHS = "$(ARCHS_STANDARD_INCLUDING_64_BIT)";
				BUNDLE_LOADER = "$(BUILT_PRODUCTS_DIR)/lala.app/lala";
				FRAMEWORK_SEARCH_PATHS = (
					"$(SDKROOT)/Developer/Library/Frameworks",
					"$(inherited)",
					"$(DEVELOPER_FRAMEWORKS_DIR)",
				);
				GCC_PRECOMPILE_PREFIX_HEADER = YES;
				GCC_PREFIX_HEADER = "lala/lala-Prefix.pch";
				GCC_PREPROCESSOR_DEFINITIONS = (
					"DEBUG=1",
					"$(inherited)",
				);
				INFOPLIST_FILE = "lalaTests/lalaTests-Info.plist";
				PRODUCT_NAME = "$(TARGET_NAME)";
				TEST_HOST = "$(BUNDLE_LOADER)";
				WRAPPER_EXTENSION = xctest;
			};
			name = Debug;
		};
		CEE31D8C18762984006CF411 /* Release */ = {
			isa = XCBuildConfiguration;
			buildSettings = {
				ARCHS = "$(ARCHS_STANDARD_INCLUDING_64_BIT)";
				BUNDLE_LOADER = "$(BUILT_PRODUCTS_DIR)/lala.app/lala";
				FRAMEWORK_SEARCH_PATHS = (
					"$(SDKROOT)/Developer/Library/Frameworks",
					"$(inherited)",
					"$(DEVELOPER_FRAMEWORKS_DIR)",
				);
				GCC_PRECOMPILE_PREFIX_HEADER = YES;
				GCC_PREFIX_HEADER = "lala/lala-Prefix.pch";
				INFOPLIST_FILE = "lalaTests/lalaTests-Info.plist";
				PRODUCT_NAME = "$(TARGET_NAME)";
				TEST_HOST = "$(BUNDLE_LOADER)";
				WRAPPER_EXTENSION = xctest;
			};
			name = Release;
		};
/* End XCBuildConfiguration section */

/* Begin XCConfigurationList section */
		CEE31D5018762984006CF411 /* Build configuration list for PBXProject "lala" */ = {
			isa = XCConfigurationList;
			buildConfigurations = (
				CEE31D8518762984006CF411 /* Debug */,
				CEE31D8618762984006CF411 /* Release */,
			);
			defaultConfigurationIsVisible = 0;
			defaultConfigurationName = Release;
		};
		CEE31D8718762984006CF411 /* Build configuration list for PBXNativeTarget "lala" */ = {
			isa = XCConfigurationList;
			buildConfigurations = (
				CEE31D8818762984006CF411 /* Debug */,
				CEE31D8918762984006CF411 /* Release */,
			);
			defaultConfigurationIsVisible = 0;
		};
		CEE31D8A18762984006CF411 /* Build configuration list for PBXNativeTarget "lalaTests" */ = {
			isa = XCConfigurationList;
			buildConfigurations = (
				CEE31D8B18762984006CF411 /* Debug */,
				CEE31D8C18762984006CF411 /* Release */,
			);
			defaultConfigurationIsVisible = 0;
		};
/* End XCConfigurationList section */

/* Begin XCVersionGroup section */
		CEE31D6C18762984006CF411 /* lala.xcdatamodeld */ = {
			isa = XCVersionGroup;
			children = (
				CEE31D6D18762984006CF411 /* lala.xcdatamodel */,
			);
			currentVersion = CEE31D6D18762984006CF411 /* lala.xcdatamodel */;
			path = lala.xcdatamodeld;
			sourceTree = "<group>";
			versionGroupType = wrapper.xcdatamodel;
		};
/* End XCVersionGroup section */
	};
	rootObject = CEE31D4D18762984006CF411 /* Project object */;
}
