// !$*UTF8*$!
{
	archiveVersion = 1;
	classes = {
	};
	objectVersion = 46;
	objects = {

/* Begin PBXBuildFile section */
		CE0879C018A6C742003206BF /* Recommend.m in Sources */ = {isa = PBXBuildFile; fileRef = CE0879BF18A6C742003206BF /* Recommend.m */; };
		CE15D9B3188F44F70013DC3D /* Colors.m in Sources */ = {isa = PBXBuildFile; fileRef = CE15D9B2188F44F70013DC3D /* Colors.m */; };
		CE26639A18AFE43A00AB5625 /* coinControl.m in Sources */ = {isa = PBXBuildFile; fileRef = CE26639918AFE43A00AB5625 /* coinControl.m */; };
		CE26639E18B0066800AB5625 /* preferencesDefault.m in Sources */ = {isa = PBXBuildFile; fileRef = CE26639D18B0066800AB5625 /* preferencesDefault.m */; };
		CE383FCF188EE6810050785E /* View.xib in Resources */ = {isa = PBXBuildFile; fileRef = CE383FCE188EE6810050785E /* View.xib */; };
		CE55526A1896E46D0025100C /* imageViewController.m in Sources */ = {isa = PBXBuildFile; fileRef = CE5552681896E46D0025100C /* imageViewController.m */; };
		CE55526B1896E46D0025100C /* imageViewController.xib in Resources */ = {isa = PBXBuildFile; fileRef = CE5552691896E46D0025100C /* imageViewController.xib */; };
		CE643518187880D7002DF8F8 /* Foundation.framework in Frameworks */ = {isa = PBXBuildFile; fileRef = CE643517187880D7002DF8F8 /* Foundation.framework */; };
		CE64351A187880D7002DF8F8 /* CoreGraphics.framework in Frameworks */ = {isa = PBXBuildFile; fileRef = CE643519187880D7002DF8F8 /* CoreGraphics.framework */; };
		CE64351C187880D7002DF8F8 /* UIKit.framework in Frameworks */ = {isa = PBXBuildFile; fileRef = CE64351B187880D7002DF8F8 /* UIKit.framework */; };
		CE64351E187880D7002DF8F8 /* CoreData.framework in Frameworks */ = {isa = PBXBuildFile; fileRef = CE64351D187880D7002DF8F8 /* CoreData.framework */; };
		CE643524187880D7002DF8F8 /* InfoPlist.strings in Resources */ = {isa = PBXBuildFile; fileRef = CE643522187880D7002DF8F8 /* InfoPlist.strings */; };
		CE643526187880D7002DF8F8 /* main.m in Sources */ = {isa = PBXBuildFile; fileRef = CE643525187880D7002DF8F8 /* main.m */; };
		CE64352A187880D7002DF8F8 /* AppDelegate.m in Sources */ = {isa = PBXBuildFile; fileRef = CE643529187880D7002DF8F8 /* AppDelegate.m */; };
		CE64352D187880D7002DF8F8 /* Main.storyboard in Resources */ = {isa = PBXBuildFile; fileRef = CE64352B187880D7002DF8F8 /* Main.storyboard */; };
		CE643530187880D7002DF8F8 /* master2.xcdatamodeld in Sources */ = {isa = PBXBuildFile; fileRef = CE64352E187880D7002DF8F8 /* master2.xcdatamodeld */; };
		CE643533187880D7002DF8F8 /* MasterViewController.m in Sources */ = {isa = PBXBuildFile; fileRef = CE643532187880D7002DF8F8 /* MasterViewController.m */; };
		CE643536187880D7002DF8F8 /* DetailViewController.m in Sources */ = {isa = PBXBuildFile; fileRef = CE643535187880D7002DF8F8 /* DetailViewController.m */; };
		CE643538187880D7002DF8F8 /* Images.xcassets in Resources */ = {isa = PBXBuildFile; fileRef = CE643537187880D7002DF8F8 /* Images.xcassets */; };
		CE64353F187880D7002DF8F8 /* XCTest.framework in Frameworks */ = {isa = PBXBuildFile; fileRef = CE64353E187880D7002DF8F8 /* XCTest.framework */; };
		CE643540187880D7002DF8F8 /* Foundation.framework in Frameworks */ = {isa = PBXBuildFile; fileRef = CE643517187880D7002DF8F8 /* Foundation.framework */; };
		CE643541187880D7002DF8F8 /* UIKit.framework in Frameworks */ = {isa = PBXBuildFile; fileRef = CE64351B187880D7002DF8F8 /* UIKit.framework */; };
		CE643542187880D7002DF8F8 /* CoreData.framework in Frameworks */ = {isa = PBXBuildFile; fileRef = CE64351D187880D7002DF8F8 /* CoreData.framework */; };
		CE64354A187880D7002DF8F8 /* InfoPlist.strings in Resources */ = {isa = PBXBuildFile; fileRef = CE643548187880D7002DF8F8 /* InfoPlist.strings */; };
		CE64354C187880D7002DF8F8 /* master2Tests.m in Sources */ = {isa = PBXBuildFile; fileRef = CE64354B187880D7002DF8F8 /* master2Tests.m */; };
		CE7DDAD4187F0852003202F5 /* priceCustomCell.m in Sources */ = {isa = PBXBuildFile; fileRef = CE7DDAD3187F0852003202F5 /* priceCustomCell.m */; };
		CE80BDAC187CF6CA00EE5929 /* estimateCustomCell.m in Sources */ = {isa = PBXBuildFile; fileRef = CE80BDAB187CF6CA00EE5929 /* estimateCustomCell.m */; };
		CE8FC9E318A291390087CA8C /* PDFControl.m in Sources */ = {isa = PBXBuildFile; fileRef = CE8FC9E218A291390087CA8C /* PDFControl.m */; };
		CEA63B97187CD18A00991BB9 /* MasterViewController2.m in Sources */ = {isa = PBXBuildFile; fileRef = CEA63B96187CD18A00991BB9 /* MasterViewController2.m */; };
		CEAE3025189435C4007B9A3C /* icon_image_default.png in Resources */ = {isa = PBXBuildFile; fileRef = CEAE3024189435C4007B9A3C /* icon_image_default.png */; };
		CEBD4DFC1898041800C88868 /* icon-trash@2x.png in Resources */ = {isa = PBXBuildFile; fileRef = CEBD4DFB1898041800C88868 /* icon-trash@2x.png */; };
		CEBD4E011898203900C88868 /* showEstimateViewController.m in Sources */ = {isa = PBXBuildFile; fileRef = CEBD4DFF1898203900C88868 /* showEstimateViewController.m */; };
		CEBD4E021898203900C88868 /* showEstimateViewController.xib in Resources */ = {isa = PBXBuildFile; fileRef = CEBD4E001898203900C88868 /* showEstimateViewController.xib */; };
		CEC12D9D188DB25700DCB8BF /* Pictures.m in Sources */ = {isa = PBXBuildFile; fileRef = CEC12D9C188DB25700DCB8BF /* Pictures.m */; };
		CEC12DA0188DB25700DCB8BF /* Parts.m in Sources */ = {isa = PBXBuildFile; fileRef = CEC12D9F188DB25700DCB8BF /* Parts.m */; };
		CEC12DA3188DB25800DCB8BF /* Espec_part.m in Sources */ = {isa = PBXBuildFile; fileRef = CEC12DA2188DB25800DCB8BF /* Espec_part.m */; };
		CEC12DA6188DB25800DCB8BF /* Prices.m in Sources */ = {isa = PBXBuildFile; fileRef = CEC12DA5188DB25800DCB8BF /* Prices.m */; };
		CEC12DA9188DB25800DCB8BF /* Veicle.m in Sources */ = {isa = PBXBuildFile; fileRef = CEC12DA8188DB25800DCB8BF /* Veicle.m */; };
		CEC12DAC188DB25800DCB8BF /* Insurance.m in Sources */ = {isa = PBXBuildFile; fileRef = CEC12DAB188DB25800DCB8BF /* Insurance.m */; };
		CEC12DAF188DB25800DCB8BF /* Estimates.m in Sources */ = {isa = PBXBuildFile; fileRef = CEC12DAE188DB25800DCB8BF /* Estimates.m */; };
		CEC12DB2188DB25800DCB8BF /* Body_shop_repaire.m in Sources */ = {isa = PBXBuildFile; fileRef = CEC12DB1188DB25800DCB8BF /* Body_shop_repaire.m */; };
		CEC7ED6A18ABC3DF00F48A57 /* languageControl.m in Sources */ = {isa = PBXBuildFile; fileRef = CEC7ED6918ABC3DF00F48A57 /* languageControl.m */; };
		CEC9C3841896CDD1003C73F2 /* icon-camera@2x.png in Resources */ = {isa = PBXBuildFile; fileRef = CEC9C3811896CDD1003C73F2 /* icon-camera@2x.png */; };
		CEC9C3861896CDD1003C73F2 /* icon-roll@2x.png in Resources */ = {isa = PBXBuildFile; fileRef = CEC9C3831896CDD1003C73F2 /* icon-roll@2x.png */; };
		CED257381894683B00EFE376 /* popActionPictureViewController.m in Sources */ = {isa = PBXBuildFile; fileRef = CED257361894683B00EFE376 /* popActionPictureViewController.m */; };
		CED257391894683B00EFE376 /* popActionPictureViewController.xib in Resources */ = {isa = PBXBuildFile; fileRef = CED257371894683B00EFE376 /* popActionPictureViewController.xib */; };
		CED52694189DEE4300FE0346 /* cellViewController.xib in Resources */ = {isa = PBXBuildFile; fileRef = CED52692189DEE4300FE0346 /* cellViewController.xib */; };
		CED52697189DEF2800FE0346 /* cellDescriptController.m in Sources */ = {isa = PBXBuildFile; fileRef = CED52696189DEF2800FE0346 /* cellDescriptController.m */; };
		CEDE0D9918AFDD7A006C7403 /* popCoinMenuViewController.m in Sources */ = {isa = PBXBuildFile; fileRef = CEDE0D9718AFDD7A006C7403 /* popCoinMenuViewController.m */; };
		CEDE0D9A18AFDD7A006C7403 /* popCoinMenuViewController.xib in Resources */ = {isa = PBXBuildFile; fileRef = CEDE0D9818AFDD7A006C7403 /* popCoinMenuViewController.xib */; };
		CEDFBF90189FFDD90058E825 /* DescriptPrices.m in Sources */ = {isa = PBXBuildFile; fileRef = CEDFBF8F189FFDD90058E825 /* DescriptPrices.m */; };
		CEDFEA37189CA73700BF1E27 /* formPriceViewController.m in Sources */ = {isa = PBXBuildFile; fileRef = CEDFEA35189CA73700BF1E27 /* formPriceViewController.m */; };
		CEDFEA38189CA73700BF1E27 /* formPriceViewController.xib in Resources */ = {isa = PBXBuildFile; fileRef = CEDFEA36189CA73700BF1E27 /* formPriceViewController.xib */; };
		CEE893BD18A07917006BDEA7 /* popPresetMenuViewController.m in Sources */ = {isa = PBXBuildFile; fileRef = CEE893BB18A07917006BDEA7 /* popPresetMenuViewController.m */; };
		CEE893BE18A07917006BDEA7 /* popPresetMenuViewController.xib in Resources */ = {isa = PBXBuildFile; fileRef = CEE893BC18A07917006BDEA7 /* popPresetMenuViewController.xib */; };
		CEF854821897567A006CF72E /* icon-show@2x.png in Resources */ = {isa = PBXBuildFile; fileRef = CEF854811897567A006CF72E /* icon-show@2x.png */; };
/* End PBXBuildFile section */

/* Begin PBXContainerItemProxy section */
		CE643543187880D7002DF8F8 /* PBXContainerItemProxy */ = {
			isa = PBXContainerItemProxy;
			containerPortal = CE64350C187880D7002DF8F8 /* Project object */;
			proxyType = 1;
			remoteGlobalIDString = CE643513187880D7002DF8F8;
			remoteInfo = master2;
		};
/* End PBXContainerItemProxy section */

/* Begin PBXFileReference section */
		CE0879BE18A6C742003206BF /* Recommend.h */ = {isa = PBXFileReference; fileEncoding = 4; lastKnownFileType = sourcecode.c.h; path = Recommend.h; sourceTree = "<group>"; };
		CE0879BF18A6C742003206BF /* Recommend.m */ = {isa = PBXFileReference; fileEncoding = 4; lastKnownFileType = sourcecode.c.objc; path = Recommend.m; sourceTree = "<group>"; };
		CE15D9B1188F44F70013DC3D /* Colors.h */ = {isa = PBXFileReference; fileEncoding = 4; lastKnownFileType = sourcecode.c.h; path = Colors.h; sourceTree = "<group>"; };
		CE15D9B2188F44F70013DC3D /* Colors.m */ = {isa = PBXFileReference; fileEncoding = 4; lastKnownFileType = sourcecode.c.objc; path = Colors.m; sourceTree = "<group>"; };
		CE26639818AFE43A00AB5625 /* coinControl.h */ = {isa = PBXFileReference; fileEncoding = 4; lastKnownFileType = sourcecode.c.h; path = coinControl.h; sourceTree = "<group>"; };
		CE26639918AFE43A00AB5625 /* coinControl.m */ = {isa = PBXFileReference; fileEncoding = 4; lastKnownFileType = sourcecode.c.objc; path = coinControl.m; sourceTree = "<group>"; };
		CE26639C18B0066800AB5625 /* preferencesDefault.h */ = {isa = PBXFileReference; fileEncoding = 4; lastKnownFileType = sourcecode.c.h; path = preferencesDefault.h; sourceTree = "<group>"; };
		CE26639D18B0066800AB5625 /* preferencesDefault.m */ = {isa = PBXFileReference; fileEncoding = 4; lastKnownFileType = sourcecode.c.objc; path = preferencesDefault.m; sourceTree = "<group>"; };
		CE383FCE188EE6810050785E /* View.xib */ = {isa = PBXFileReference; fileEncoding = 4; lastKnownFileType = file.xib; path = View.xib; sourceTree = "<group>"; };
		CE5552671896E46D0025100C /* imageViewController.h */ = {isa = PBXFileReference; fileEncoding = 4; lastKnownFileType = sourcecode.c.h; path = imageViewController.h; sourceTree = "<group>"; };
		CE5552681896E46D0025100C /* imageViewController.m */ = {isa = PBXFileReference; fileEncoding = 4; lastKnownFileType = sourcecode.c.objc; path = imageViewController.m; sourceTree = "<group>"; };
		CE5552691896E46D0025100C /* imageViewController.xib */ = {isa = PBXFileReference; fileEncoding = 4; lastKnownFileType = file.xib; path = imageViewController.xib; sourceTree = "<group>"; };
		CE643514187880D7002DF8F8 /* master2.app */ = {isa = PBXFileReference; explicitFileType = wrapper.application; includeInIndex = 0; path = master2.app; sourceTree = BUILT_PRODUCTS_DIR; };
		CE643517187880D7002DF8F8 /* Foundation.framework */ = {isa = PBXFileReference; lastKnownFileType = wrapper.framework; name = Foundation.framework; path = System/Library/Frameworks/Foundation.framework; sourceTree = SDKROOT; };
		CE643519187880D7002DF8F8 /* CoreGraphics.framework */ = {isa = PBXFileReference; lastKnownFileType = wrapper.framework; name = CoreGraphics.framework; path = System/Library/Frameworks/CoreGraphics.framework; sourceTree = SDKROOT; };
		CE64351B187880D7002DF8F8 /* UIKit.framework */ = {isa = PBXFileReference; lastKnownFileType = wrapper.framework; name = UIKit.framework; path = System/Library/Frameworks/UIKit.framework; sourceTree = SDKROOT; };
		CE64351D187880D7002DF8F8 /* CoreData.framework */ = {isa = PBXFileReference; lastKnownFileType = wrapper.framework; name = CoreData.framework; path = System/Library/Frameworks/CoreData.framework; sourceTree = SDKROOT; };
		CE643521187880D7002DF8F8 /* master2-Info.plist */ = {isa = PBXFileReference; lastKnownFileType = text.plist.xml; path = "master2-Info.plist"; sourceTree = "<group>"; };
		CE643523187880D7002DF8F8 /* en */ = {isa = PBXFileReference; lastKnownFileType = text.plist.strings; name = en; path = en.lproj/InfoPlist.strings; sourceTree = "<group>"; };
		CE643525187880D7002DF8F8 /* main.m */ = {isa = PBXFileReference; lastKnownFileType = sourcecode.c.objc; path = main.m; sourceTree = "<group>"; };
		CE643527187880D7002DF8F8 /* master2-Prefix.pch */ = {isa = PBXFileReference; lastKnownFileType = sourcecode.c.h; path = "master2-Prefix.pch"; sourceTree = "<group>"; };
		CE643528187880D7002DF8F8 /* AppDelegate.h */ = {isa = PBXFileReference; lastKnownFileType = sourcecode.c.h; path = AppDelegate.h; sourceTree = "<group>"; };
		CE643529187880D7002DF8F8 /* AppDelegate.m */ = {isa = PBXFileReference; lastKnownFileType = sourcecode.c.objc; path = AppDelegate.m; sourceTree = "<group>"; };
		CE64352C187880D7002DF8F8 /* Base */ = {isa = PBXFileReference; lastKnownFileType = file.storyboard; name = Base; path = Base.lproj/Main.storyboard; sourceTree = "<group>"; };
		CE64352F187880D7002DF8F8 /* master2.xcdatamodel */ = {isa = PBXFileReference; lastKnownFileType = wrapper.xcdatamodel; path = master2.xcdatamodel; sourceTree = "<group>"; };
		CE643531187880D7002DF8F8 /* MasterViewController.h */ = {isa = PBXFileReference; lastKnownFileType = sourcecode.c.h; path = MasterViewController.h; sourceTree = "<group>"; };
		CE643532187880D7002DF8F8 /* MasterViewController.m */ = {isa = PBXFileReference; lastKnownFileType = sourcecode.c.objc; path = MasterViewController.m; sourceTree = "<group>"; };
		CE643534187880D7002DF8F8 /* DetailViewController.h */ = {isa = PBXFileReference; lastKnownFileType = sourcecode.c.h; path = DetailViewController.h; sourceTree = "<group>"; };
		CE643535187880D7002DF8F8 /* DetailViewController.m */ = {isa = PBXFileReference; lastKnownFileType = sourcecode.c.objc; path = DetailViewController.m; sourceTree = "<group>"; };
		CE643537187880D7002DF8F8 /* Images.xcassets */ = {isa = PBXFileReference; lastKnownFileType = folder.assetcatalog; path = Images.xcassets; sourceTree = "<group>"; };
		CE64353D187880D7002DF8F8 /* master2Tests.xctest */ = {isa = PBXFileReference; explicitFileType = wrapper.cfbundle; includeInIndex = 0; path = master2Tests.xctest; sourceTree = BUILT_PRODUCTS_DIR; };
		CE64353E187880D7002DF8F8 /* XCTest.framework */ = {isa = PBXFileReference; lastKnownFileType = wrapper.framework; name = XCTest.framework; path = Library/Frameworks/XCTest.framework; sourceTree = DEVELOPER_DIR; };
		CE643547187880D7002DF8F8 /* master2Tests-Info.plist */ = {isa = PBXFileReference; lastKnownFileType = text.plist.xml; path = "master2Tests-Info.plist"; sourceTree = "<group>"; };
		CE643549187880D7002DF8F8 /* en */ = {isa = PBXFileReference; lastKnownFileType = text.plist.strings; name = en; path = en.lproj/InfoPlist.strings; sourceTree = "<group>"; };
		CE64354B187880D7002DF8F8 /* master2Tests.m */ = {isa = PBXFileReference; lastKnownFileType = sourcecode.c.objc; path = master2Tests.m; sourceTree = "<group>"; };
		CE7DDAD2187F0852003202F5 /* priceCustomCell.h */ = {isa = PBXFileReference; fileEncoding = 4; lastKnownFileType = sourcecode.c.h; path = priceCustomCell.h; sourceTree = "<group>"; };
		CE7DDAD3187F0852003202F5 /* priceCustomCell.m */ = {isa = PBXFileReference; fileEncoding = 4; lastKnownFileType = sourcecode.c.objc; path = priceCustomCell.m; sourceTree = "<group>"; };
		CE80BDAA187CF6CA00EE5929 /* estimateCustomCell.h */ = {isa = PBXFileReference; fileEncoding = 4; lastKnownFileType = sourcecode.c.h; path = estimateCustomCell.h; sourceTree = "<group>"; };
		CE80BDAB187CF6CA00EE5929 /* estimateCustomCell.m */ = {isa = PBXFileReference; fileEncoding = 4; lastKnownFileType = sourcecode.c.objc; path = estimateCustomCell.m; sourceTree = "<group>"; };
		CE8FC9E118A291390087CA8C /* PDFControl.h */ = {isa = PBXFileReference; fileEncoding = 4; lastKnownFileType = sourcecode.c.h; path = PDFControl.h; sourceTree = "<group>"; };
		CE8FC9E218A291390087CA8C /* PDFControl.m */ = {isa = PBXFileReference; fileEncoding = 4; lastKnownFileType = sourcecode.c.objc; path = PDFControl.m; sourceTree = "<group>"; };
		CEA63B95187CD18A00991BB9 /* MasterViewController2.h */ = {isa = PBXFileReference; fileEncoding = 4; lastKnownFileType = sourcecode.c.h; path = MasterViewController2.h; sourceTree = "<group>"; };
		CEA63B96187CD18A00991BB9 /* MasterViewController2.m */ = {isa = PBXFileReference; fileEncoding = 4; lastKnownFileType = sourcecode.c.objc; path = MasterViewController2.m; sourceTree = "<group>"; };
		CEAE3024189435C4007B9A3C /* icon_image_default.png */ = {isa = PBXFileReference; lastKnownFileType = image.png; path = icon_image_default.png; sourceTree = "<group>"; };
		CEBD4DFB1898041800C88868 /* icon-trash@2x.png */ = {isa = PBXFileReference; lastKnownFileType = image.png; path = "icon-trash@2x.png"; sourceTree = "<group>"; };
		CEBD4DFE1898203900C88868 /* showEstimateViewController.h */ = {isa = PBXFileReference; fileEncoding = 4; lastKnownFileType = sourcecode.c.h; path = showEstimateViewController.h; sourceTree = "<group>"; };
		CEBD4DFF1898203900C88868 /* showEstimateViewController.m */ = {isa = PBXFileReference; fileEncoding = 4; lastKnownFileType = sourcecode.c.objc; path = showEstimateViewController.m; sourceTree = "<group>"; };
		CEBD4E001898203900C88868 /* showEstimateViewController.xib */ = {isa = PBXFileReference; fileEncoding = 4; lastKnownFileType = file.xib; path = showEstimateViewController.xib; sourceTree = "<group>"; };
		CEC12D9B188DB25700DCB8BF /* Pictures.h */ = {isa = PBXFileReference; fileEncoding = 4; lastKnownFileType = sourcecode.c.h; path = Pictures.h; sourceTree = "<group>"; };
		CEC12D9C188DB25700DCB8BF /* Pictures.m */ = {isa = PBXFileReference; fileEncoding = 4; lastKnownFileType = sourcecode.c.objc; path = Pictures.m; sourceTree = "<group>"; };
		CEC12D9E188DB25700DCB8BF /* Parts.h */ = {isa = PBXFileReference; fileEncoding = 4; lastKnownFileType = sourcecode.c.h; path = Parts.h; sourceTree = "<group>"; };
		CEC12D9F188DB25700DCB8BF /* Parts.m */ = {isa = PBXFileReference; fileEncoding = 4; lastKnownFileType = sourcecode.c.objc; path = Parts.m; sourceTree = "<group>"; };
		CEC12DA1188DB25800DCB8BF /* Espec_part.h */ = {isa = PBXFileReference; fileEncoding = 4; lastKnownFileType = sourcecode.c.h; path = Espec_part.h; sourceTree = "<group>"; };
		CEC12DA2188DB25800DCB8BF /* Espec_part.m */ = {isa = PBXFileReference; fileEncoding = 4; lastKnownFileType = sourcecode.c.objc; path = Espec_part.m; sourceTree = "<group>"; };
		CEC12DA4188DB25800DCB8BF /* Prices.h */ = {isa = PBXFileReference; fileEncoding = 4; lastKnownFileType = sourcecode.c.h; path = Prices.h; sourceTree = "<group>"; };
		CEC12DA5188DB25800DCB8BF /* Prices.m */ = {isa = PBXFileReference; fileEncoding = 4; lastKnownFileType = sourcecode.c.objc; path = Prices.m; sourceTree = "<group>"; };
		CEC12DA7188DB25800DCB8BF /* Veicle.h */ = {isa = PBXFileReference; fileEncoding = 4; lastKnownFileType = sourcecode.c.h; path = Veicle.h; sourceTree = "<group>"; };
		CEC12DA8188DB25800DCB8BF /* Veicle.m */ = {isa = PBXFileReference; fileEncoding = 4; lastKnownFileType = sourcecode.c.objc; path = Veicle.m; sourceTree = "<group>"; };
		CEC12DAA188DB25800DCB8BF /* Insurance.h */ = {isa = PBXFileReference; fileEncoding = 4; lastKnownFileType = sourcecode.c.h; path = Insurance.h; sourceTree = "<group>"; };
		CEC12DAB188DB25800DCB8BF /* Insurance.m */ = {isa = PBXFileReference; fileEncoding = 4; lastKnownFileType = sourcecode.c.objc; path = Insurance.m; sourceTree = "<group>"; };
		CEC12DAD188DB25800DCB8BF /* Estimates.h */ = {isa = PBXFileReference; fileEncoding = 4; lastKnownFileType = sourcecode.c.h; path = Estimates.h; sourceTree = "<group>"; };
		CEC12DAE188DB25800DCB8BF /* Estimates.m */ = {isa = PBXFileReference; fileEncoding = 4; lastKnownFileType = sourcecode.c.objc; path = Estimates.m; sourceTree = "<group>"; };
		CEC12DB0188DB25800DCB8BF /* Body_shop_repaire.h */ = {isa = PBXFileReference; fileEncoding = 4; lastKnownFileType = sourcecode.c.h; path = Body_shop_repaire.h; sourceTree = "<group>"; };
		CEC12DB1188DB25800DCB8BF /* Body_shop_repaire.m */ = {isa = PBXFileReference; fileEncoding = 4; lastKnownFileType = sourcecode.c.objc; path = Body_shop_repaire.m; sourceTree = "<group>"; };
		CEC7ED6818ABC3DF00F48A57 /* languageControl.h */ = {isa = PBXFileReference; fileEncoding = 4; lastKnownFileType = sourcecode.c.h; path = languageControl.h; sourceTree = "<group>"; };
		CEC7ED6918ABC3DF00F48A57 /* languageControl.m */ = {isa = PBXFileReference; fileEncoding = 4; lastKnownFileType = sourcecode.c.objc; path = languageControl.m; sourceTree = "<group>"; };
		CEC9C3811896CDD1003C73F2 /* icon-camera@2x.png */ = {isa = PBXFileReference; lastKnownFileType = image.png; path = "icon-camera@2x.png"; sourceTree = "<group>"; };
		CEC9C3831896CDD1003C73F2 /* icon-roll@2x.png */ = {isa = PBXFileReference; lastKnownFileType = image.png; path = "icon-roll@2x.png"; sourceTree = "<group>"; };
		CED257351894683B00EFE376 /* popActionPictureViewController.h */ = {isa = PBXFileReference; fileEncoding = 4; lastKnownFileType = sourcecode.c.h; path = popActionPictureViewController.h; sourceTree = "<group>"; };
		CED257361894683B00EFE376 /* popActionPictureViewController.m */ = {isa = PBXFileReference; fileEncoding = 4; lastKnownFileType = sourcecode.c.objc; path = popActionPictureViewController.m; sourceTree = "<group>"; };
		CED257371894683B00EFE376 /* popActionPictureViewController.xib */ = {isa = PBXFileReference; fileEncoding = 4; lastKnownFileType = file.xib; path = popActionPictureViewController.xib; sourceTree = "<group>"; };
		CED2573B1894687000EFE376 /* actionPictureProtocol.h */ = {isa = PBXFileReference; lastKnownFileType = sourcecode.c.h; path = actionPictureProtocol.h; sourceTree = "<group>"; };
		CED52692189DEE4300FE0346 /* cellViewController.xib */ = {isa = PBXFileReference; fileEncoding = 4; lastKnownFileType = file.xib; path = cellViewController.xib; sourceTree = "<group>"; };
		CED52695189DEF2800FE0346 /* cellDescriptController.h */ = {isa = PBXFileReference; fileEncoding = 4; lastKnownFileType = sourcecode.c.h; path = cellDescriptController.h; sourceTree = "<group>"; };
		CED52696189DEF2800FE0346 /* cellDescriptController.m */ = {isa = PBXFileReference; fileEncoding = 4; lastKnownFileType = sourcecode.c.objc; path = cellDescriptController.m; sourceTree = "<group>"; };
		CEDE0D9618AFDD7A006C7403 /* popCoinMenuViewController.h */ = {isa = PBXFileReference; fileEncoding = 4; lastKnownFileType = sourcecode.c.h; path = popCoinMenuViewController.h; sourceTree = "<group>"; };
		CEDE0D9718AFDD7A006C7403 /* popCoinMenuViewController.m */ = {isa = PBXFileReference; fileEncoding = 4; lastKnownFileType = sourcecode.c.objc; path = popCoinMenuViewController.m; sourceTree = "<group>"; };
		CEDE0D9818AFDD7A006C7403 /* popCoinMenuViewController.xib */ = {isa = PBXFileReference; fileEncoding = 4; lastKnownFileType = file.xib; path = popCoinMenuViewController.xib; sourceTree = "<group>"; };
		CEDE0D9B18AFDF8A006C7403 /* actionCoinProtocol.h */ = {isa = PBXFileReference; lastKnownFileType = sourcecode.c.h; path = actionCoinProtocol.h; sourceTree = "<group>"; };
		CEDFBF8E189FFDD90058E825 /* DescriptPrices.h */ = {isa = PBXFileReference; fileEncoding = 4; lastKnownFileType = sourcecode.c.h; path = DescriptPrices.h; sourceTree = "<group>"; };
		CEDFBF8F189FFDD90058E825 /* DescriptPrices.m */ = {isa = PBXFileReference; fileEncoding = 4; lastKnownFileType = sourcecode.c.objc; path = DescriptPrices.m; sourceTree = "<group>"; };
		CEDFEA34189CA73700BF1E27 /* formPriceViewController.h */ = {isa = PBXFileReference; fileEncoding = 4; lastKnownFileType = sourcecode.c.h; path = formPriceViewController.h; sourceTree = "<group>"; };
		CEDFEA35189CA73700BF1E27 /* formPriceViewController.m */ = {isa = PBXFileReference; fileEncoding = 4; lastKnownFileType = sourcecode.c.objc; path = formPriceViewController.m; sourceTree = "<group>"; };
		CEDFEA36189CA73700BF1E27 /* formPriceViewController.xib */ = {isa = PBXFileReference; fileEncoding = 4; lastKnownFileType = file.xib; path = formPriceViewController.xib; sourceTree = "<group>"; };
		CEE893BA18A07917006BDEA7 /* popPresetMenuViewController.h */ = {isa = PBXFileReference; fileEncoding = 4; lastKnownFileType = sourcecode.c.h; path = popPresetMenuViewController.h; sourceTree = "<group>"; };
		CEE893BB18A07917006BDEA7 /* popPresetMenuViewController.m */ = {isa = PBXFileReference; fileEncoding = 4; lastKnownFileType = sourcecode.c.objc; path = popPresetMenuViewController.m; sourceTree = "<group>"; };
		CEE893BC18A07917006BDEA7 /* popPresetMenuViewController.xib */ = {isa = PBXFileReference; fileEncoding = 4; lastKnownFileType = file.xib; path = popPresetMenuViewController.xib; sourceTree = "<group>"; };
		CEE893BF18A07E72006BDEA7 /* actionPresetProtocol.h */ = {isa = PBXFileReference; lastKnownFileType = sourcecode.c.h; path = actionPresetProtocol.h; sourceTree = "<group>"; };
		CEF854811897567A006CF72E /* icon-show@2x.png */ = {isa = PBXFileReference; lastKnownFileType = image.png; path = "icon-show@2x.png"; sourceTree = "<group>"; };
/* End PBXFileReference section */

/* Begin PBXFrameworksBuildPhase section */
		CE643511187880D7002DF8F8 /* Frameworks */ = {
			isa = PBXFrameworksBuildPhase;
			buildActionMask = 2147483647;
			files = (
				CE64351A187880D7002DF8F8 /* CoreGraphics.framework in Frameworks */,
				CE64351E187880D7002DF8F8 /* CoreData.framework in Frameworks */,
				CE64351C187880D7002DF8F8 /* UIKit.framework in Frameworks */,
				CE643518187880D7002DF8F8 /* Foundation.framework in Frameworks */,
			);
			runOnlyForDeploymentPostprocessing = 0;
		};
		CE64353A187880D7002DF8F8 /* Frameworks */ = {
			isa = PBXFrameworksBuildPhase;
			buildActionMask = 2147483647;
			files = (
				CE64353F187880D7002DF8F8 /* XCTest.framework in Frameworks */,
				CE643542187880D7002DF8F8 /* CoreData.framework in Frameworks */,
				CE643541187880D7002DF8F8 /* UIKit.framework in Frameworks */,
				CE643540187880D7002DF8F8 /* Foundation.framework in Frameworks */,
			);
			runOnlyForDeploymentPostprocessing = 0;
		};
/* End PBXFrameworksBuildPhase section */

/* Begin PBXGroup section */
		CE26639718AFE41B00AB5625 /* coin */ = {
			isa = PBXGroup;
			children = (
				CE26639818AFE43A00AB5625 /* coinControl.h */,
				CE26639918AFE43A00AB5625 /* coinControl.m */,
			);
			name = coin;
			sourceTree = "<group>";
		};
		CE26639B18B0065400AB5625 /* preferences */ = {
			isa = PBXGroup;
			children = (
				CE26639C18B0066800AB5625 /* preferencesDefault.h */,
				CE26639D18B0066800AB5625 /* preferencesDefault.m */,
			);
			name = preferences;
			sourceTree = "<group>";
		};
		CE5552661896E4590025100C /* modalImageView */ = {
			isa = PBXGroup;
			children = (
				CE5552671896E46D0025100C /* imageViewController.h */,
				CE5552681896E46D0025100C /* imageViewController.m */,
				CE5552691896E46D0025100C /* imageViewController.xib */,
			);
			name = modalImageView;
			sourceTree = "<group>";
		};
		CE64350B187880D7002DF8F8 = {
			isa = PBXGroup;
			children = (
				CE64351F187880D7002DF8F8 /* master2 */,
				CE643545187880D7002DF8F8 /* master2Tests */,
				CE643516187880D7002DF8F8 /* Frameworks */,
				CE643515187880D7002DF8F8 /* Products */,
			);
			sourceTree = "<group>";
		};
		CE643515187880D7002DF8F8 /* Products */ = {
			isa = PBXGroup;
			children = (
				CE643514187880D7002DF8F8 /* master2.app */,
				CE64353D187880D7002DF8F8 /* master2Tests.xctest */,
			);
			name = Products;
			sourceTree = "<group>";
		};
		CE643516187880D7002DF8F8 /* Frameworks */ = {
			isa = PBXGroup;
			children = (
				CE643517187880D7002DF8F8 /* Foundation.framework */,
				CE643519187880D7002DF8F8 /* CoreGraphics.framework */,
				CE64351B187880D7002DF8F8 /* UIKit.framework */,
				CE64351D187880D7002DF8F8 /* CoreData.framework */,
				CE64353E187880D7002DF8F8 /* XCTest.framework */,
			);
			name = Frameworks;
			sourceTree = "<group>";
		};
		CE64351F187880D7002DF8F8 /* master2 */ = {
			isa = PBXGroup;
			children = (
				CE26639B18B0065400AB5625 /* preferences */,
				CE26639718AFE41B00AB5625 /* coin */,
				CEC7ED6718ABC3C000F48A57 /* Language */,
				CE8FC9E018A291240087CA8C /* PDF */,
				CEAE301F18943222007B9A3C /* images */,
				CE383FCE188EE6810050785E /* View.xib */,
				CEC12D9A188DB23A00DCB8BF /* Database */,
				CE80BDA7187CF5BF00EE5929 /* Estimates */,
				CE80BDA8187CF5CB00EE5929 /* prices */,
				CE643528187880D7002DF8F8 /* AppDelegate.h */,
				CE643529187880D7002DF8F8 /* AppDelegate.m */,
				CE64352B187880D7002DF8F8 /* Main.storyboard */,
				CE643537187880D7002DF8F8 /* Images.xcassets */,
				CE64352E187880D7002DF8F8 /* master2.xcdatamodeld */,
				CE643520187880D7002DF8F8 /* Supporting Files */,
				CE15D9B1188F44F70013DC3D /* Colors.h */,
				CE15D9B2188F44F70013DC3D /* Colors.m */,
			);
			path = master2;
			sourceTree = "<group>";
		};
		CE643520187880D7002DF8F8 /* Supporting Files */ = {
			isa = PBXGroup;
			children = (
				CE643521187880D7002DF8F8 /* master2-Info.plist */,
				CE643522187880D7002DF8F8 /* InfoPlist.strings */,
				CE643525187880D7002DF8F8 /* main.m */,
				CE643527187880D7002DF8F8 /* master2-Prefix.pch */,
			);
			name = "Supporting Files";
			sourceTree = "<group>";
		};
		CE643545187880D7002DF8F8 /* master2Tests */ = {
			isa = PBXGroup;
			children = (
				CE64354B187880D7002DF8F8 /* master2Tests.m */,
				CE643546187880D7002DF8F8 /* Supporting Files */,
			);
			path = master2Tests;
			sourceTree = "<group>";
		};
		CE643546187880D7002DF8F8 /* Supporting Files */ = {
			isa = PBXGroup;
			children = (
				CE643547187880D7002DF8F8 /* master2Tests-Info.plist */,
				CE643548187880D7002DF8F8 /* InfoPlist.strings */,
			);
			name = "Supporting Files";
			sourceTree = "<group>";
		};
		CE80BDA7187CF5BF00EE5929 /* Estimates */ = {
			isa = PBXGroup;
			children = (
				CEDE0D9518AFDD47006C7403 /* popCoinMenu */,
				CEE893B918A078D8006BDEA7 /* popPresetMenu */,
				CEBD4DFD1898201200C88868 /* showEstimateView */,
				CE5552661896E4590025100C /* modalImageView */,
				CED2573A1894684500EFE376 /* popPictureMenu */,
				CE643534187880D7002DF8F8 /* DetailViewController.h */,
				CE643535187880D7002DF8F8 /* DetailViewController.m */,
				CE643531187880D7002DF8F8 /* MasterViewController.h */,
				CE643532187880D7002DF8F8 /* MasterViewController.m */,
				CE80BDAA187CF6CA00EE5929 /* estimateCustomCell.h */,
				CE80BDAB187CF6CA00EE5929 /* estimateCustomCell.m */,
			);
			name = Estimates;
			sourceTree = "<group>";
		};
		CE80BDA8187CF5CB00EE5929 /* prices */ = {
			isa = PBXGroup;
			children = (
				CEDFEA33189CA71D00BF1E27 /* formPriceViewController */,
				CEA63B95187CD18A00991BB9 /* MasterViewController2.h */,
				CEA63B96187CD18A00991BB9 /* MasterViewController2.m */,
				CE7DDAD2187F0852003202F5 /* priceCustomCell.h */,
				CE7DDAD3187F0852003202F5 /* priceCustomCell.m */,
			);
			name = prices;
			sourceTree = "<group>";
		};
		CE8FC9E018A291240087CA8C /* PDF */ = {
			isa = PBXGroup;
			children = (
				CE8FC9E118A291390087CA8C /* PDFControl.h */,
				CE8FC9E218A291390087CA8C /* PDFControl.m */,
			);
			name = PDF;
			sourceTree = "<group>";
		};
		CEAE301F18943222007B9A3C /* images */ = {
			isa = PBXGroup;
			children = (
				CEBD4DFB1898041800C88868 /* icon-trash@2x.png */,
				CEF854811897567A006CF72E /* icon-show@2x.png */,
				CEC9C3811896CDD1003C73F2 /* icon-camera@2x.png */,
				CEC9C3831896CDD1003C73F2 /* icon-roll@2x.png */,
				CEAE3024189435C4007B9A3C /* icon_image_default.png */,
			);
			name = images;
			sourceTree = "<group>";
		};
		CEBD4DFD1898201200C88868 /* showEstimateView */ = {
			isa = PBXGroup;
			children = (
				CEBD4DFE1898203900C88868 /* showEstimateViewController.h */,
				CEBD4DFF1898203900C88868 /* showEstimateViewController.m */,
				CEBD4E001898203900C88868 /* showEstimateViewController.xib */,
			);
			name = showEstimateView;
			sourceTree = "<group>";
		};
		CEC12D9A188DB23A00DCB8BF /* Database */ = {
			isa = PBXGroup;
			children = (
				CEC12DB0188DB25800DCB8BF /* Body_shop_repaire.h */,
				CEC12DB1188DB25800DCB8BF /* Body_shop_repaire.m */,
				CEC12DAD188DB25800DCB8BF /* Estimates.h */,
				CEC12DAE188DB25800DCB8BF /* Estimates.m */,
				CEC12DAA188DB25800DCB8BF /* Insurance.h */,
				CEC12DAB188DB25800DCB8BF /* Insurance.m */,
				CEC12DA7188DB25800DCB8BF /* Veicle.h */,
				CEC12DA8188DB25800DCB8BF /* Veicle.m */,
				CEC12DA4188DB25800DCB8BF /* Prices.h */,
				CEC12DA5188DB25800DCB8BF /* Prices.m */,
				CEC12DA1188DB25800DCB8BF /* Espec_part.h */,
				CEC12DA2188DB25800DCB8BF /* Espec_part.m */,
				CEC12D9E188DB25700DCB8BF /* Parts.h */,
				CEC12D9F188DB25700DCB8BF /* Parts.m */,
				CEC12D9B188DB25700DCB8BF /* Pictures.h */,
				CEC12D9C188DB25700DCB8BF /* Pictures.m */,
				CEDFBF8E189FFDD90058E825 /* DescriptPrices.h */,
				CEDFBF8F189FFDD90058E825 /* DescriptPrices.m */,
				CE0879BE18A6C742003206BF /* Recommend.h */,
				CE0879BF18A6C742003206BF /* Recommend.m */,
			);
			name = Database;
			sourceTree = "<group>";
		};
		CEC7ED6718ABC3C000F48A57 /* Language */ = {
			isa = PBXGroup;
			children = (
				CEC7ED6818ABC3DF00F48A57 /* languageControl.h */,
				CEC7ED6918ABC3DF00F48A57 /* languageControl.m */,
			);
			name = Language;
			sourceTree = "<group>";
		};
		CED2573A1894684500EFE376 /* popPictureMenu */ = {
			isa = PBXGroup;
			children = (
				CED257351894683B00EFE376 /* popActionPictureViewController.h */,
				CED257361894683B00EFE376 /* popActionPictureViewController.m */,
				CED257371894683B00EFE376 /* popActionPictureViewController.xib */,
				CED2573B1894687000EFE376 /* actionPictureProtocol.h */,
			);
			name = popPictureMenu;
			sourceTree = "<group>";
		};
		CED5268C189DCEC300FE0346 /* cellDescriptPrices */ = {
			isa = PBXGroup;
			children = (
				CED52692189DEE4300FE0346 /* cellViewController.xib */,
				CED52695189DEF2800FE0346 /* cellDescriptController.h */,
				CED52696189DEF2800FE0346 /* cellDescriptController.m */,
			);
			name = cellDescriptPrices;
			sourceTree = "<group>";
		};
		CEDE0D9518AFDD47006C7403 /* popCoinMenu */ = {
			isa = PBXGroup;
			children = (
				CEDE0D9618AFDD7A006C7403 /* popCoinMenuViewController.h */,
				CEDE0D9718AFDD7A006C7403 /* popCoinMenuViewController.m */,
				CEDE0D9818AFDD7A006C7403 /* popCoinMenuViewController.xib */,
				CEDE0D9B18AFDF8A006C7403 /* actionCoinProtocol.h */,
			);
			name = popCoinMenu;
			sourceTree = "<group>";
		};
		CEDFEA33189CA71D00BF1E27 /* formPriceViewController */ = {
			isa = PBXGroup;
			children = (
				CED5268C189DCEC300FE0346 /* cellDescriptPrices */,
				CEDFEA34189CA73700BF1E27 /* formPriceViewController.h */,
				CEDFEA35189CA73700BF1E27 /* formPriceViewController.m */,
				CEDFEA36189CA73700BF1E27 /* formPriceViewController.xib */,
			);
			name = formPriceViewController;
			sourceTree = "<group>";
		};
		CEE893B918A078D8006BDEA7 /* popPresetMenu */ = {
			isa = PBXGroup;
			children = (
				CEE893BA18A07917006BDEA7 /* popPresetMenuViewController.h */,
				CEE893BB18A07917006BDEA7 /* popPresetMenuViewController.m */,
				CEE893BC18A07917006BDEA7 /* popPresetMenuViewController.xib */,
				CEE893BF18A07E72006BDEA7 /* actionPresetProtocol.h */,
			);
			name = popPresetMenu;
			sourceTree = "<group>";
		};
/* End PBXGroup section */

/* Begin PBXNativeTarget section */
		CE643513187880D7002DF8F8 /* master2 */ = {
			isa = PBXNativeTarget;
			buildConfigurationList = CE64354F187880D7002DF8F8 /* Build configuration list for PBXNativeTarget "master2" */;
			buildPhases = (
				CE643510187880D7002DF8F8 /* Sources */,
				CE643511187880D7002DF8F8 /* Frameworks */,
				CE643512187880D7002DF8F8 /* Resources */,
			);
			buildRules = (
			);
			dependencies = (
			);
			name = master2;
			productName = master2;
			productReference = CE643514187880D7002DF8F8 /* master2.app */;
			productType = "com.apple.product-type.application";
		};
		CE64353C187880D7002DF8F8 /* master2Tests */ = {
			isa = PBXNativeTarget;
			buildConfigurationList = CE643552187880D7002DF8F8 /* Build configuration list for PBXNativeTarget "master2Tests" */;
			buildPhases = (
				CE643539187880D7002DF8F8 /* Sources */,
				CE64353A187880D7002DF8F8 /* Frameworks */,
				CE64353B187880D7002DF8F8 /* Resources */,
			);
			buildRules = (
			);
			dependencies = (
				CE643544187880D7002DF8F8 /* PBXTargetDependency */,
			);
			name = master2Tests;
			productName = master2Tests;
			productReference = CE64353D187880D7002DF8F8 /* master2Tests.xctest */;
			productType = "com.apple.product-type.bundle.unit-test";
		};
/* End PBXNativeTarget section */

/* Begin PBXProject section */
		CE64350C187880D7002DF8F8 /* Project object */ = {
			isa = PBXProject;
			attributes = {
				LastUpgradeCheck = 0500;
				ORGANIZATIONNAME = User;
				TargetAttributes = {
					CE64353C187880D7002DF8F8 = {
						TestTargetID = CE643513187880D7002DF8F8;
					};
				};
			};
			buildConfigurationList = CE64350F187880D7002DF8F8 /* Build configuration list for PBXProject "master2" */;
			compatibilityVersion = "Xcode 3.2";
			developmentRegion = English;
			hasScannedForEncodings = 0;
			knownRegions = (
				en,
				Base,
			);
			mainGroup = CE64350B187880D7002DF8F8;
			productRefGroup = CE643515187880D7002DF8F8 /* Products */;
			projectDirPath = "";
			projectRoot = "";
			targets = (
				CE643513187880D7002DF8F8 /* master2 */,
				CE64353C187880D7002DF8F8 /* master2Tests */,
			);
		};
/* End PBXProject section */

/* Begin PBXResourcesBuildPhase section */
		CE643512187880D7002DF8F8 /* Resources */ = {
			isa = PBXResourcesBuildPhase;
			buildActionMask = 2147483647;
			files = (
				CEC9C3841896CDD1003C73F2 /* icon-camera@2x.png in Resources */,
				CE383FCF188EE6810050785E /* View.xib in Resources */,
				CE55526B1896E46D0025100C /* imageViewController.xib in Resources */,
				CE643538187880D7002DF8F8 /* Images.xcassets in Resources */,
				CEE893BE18A07917006BDEA7 /* popPresetMenuViewController.xib in Resources */,
				CEC9C3861896CDD1003C73F2 /* icon-roll@2x.png in Resources */,
				CE643524187880D7002DF8F8 /* InfoPlist.strings in Resources */,
				CEBD4DFC1898041800C88868 /* icon-trash@2x.png in Resources */,
				CEBD4E021898203900C88868 /* showEstimateViewController.xib in Resources */,
				CEDFEA38189CA73700BF1E27 /* formPriceViewController.xib in Resources */,
				CEDE0D9A18AFDD7A006C7403 /* popCoinMenuViewController.xib in Resources */,
				CEF854821897567A006CF72E /* icon-show@2x.png in Resources */,
				CEAE3025189435C4007B9A3C /* icon_image_default.png in Resources */,
				CE64352D187880D7002DF8F8 /* Main.storyboard in Resources */,
				CED52694189DEE4300FE0346 /* cellViewController.xib in Resources */,
				CED257391894683B00EFE376 /* popActionPictureViewController.xib in Resources */,
			);
			runOnlyForDeploymentPostprocessing = 0;
		};
		CE64353B187880D7002DF8F8 /* Resources */ = {
			isa = PBXResourcesBuildPhase;
			buildActionMask = 2147483647;
			files = (
				CE64354A187880D7002DF8F8 /* InfoPlist.strings in Resources */,
			);
			runOnlyForDeploymentPostprocessing = 0;
		};
/* End PBXResourcesBuildPhase section */

/* Begin PBXSourcesBuildPhase section */
		CE643510187880D7002DF8F8 /* Sources */ = {
			isa = PBXSourcesBuildPhase;
			buildActionMask = 2147483647;
			files = (
				CEC12DAC188DB25800DCB8BF /* Insurance.m in Sources */,
				CE643536187880D7002DF8F8 /* DetailViewController.m in Sources */,
				CEDE0D9918AFDD7A006C7403 /* popCoinMenuViewController.m in Sources */,
				CEC12DAF188DB25800DCB8BF /* Estimates.m in Sources */,
				CE80BDAC187CF6CA00EE5929 /* estimateCustomCell.m in Sources */,
				CE15D9B3188F44F70013DC3D /* Colors.m in Sources */,
				CEDFEA37189CA73700BF1E27 /* formPriceViewController.m in Sources */,
				CE7DDAD4187F0852003202F5 /* priceCustomCell.m in Sources */,
				CEDFBF90189FFDD90058E825 /* DescriptPrices.m in Sources */,
				CED257381894683B00EFE376 /* popActionPictureViewController.m in Sources */,
				CE643533187880D7002DF8F8 /* MasterViewController.m in Sources */,
				CEC12D9D188DB25700DCB8BF /* Pictures.m in Sources */,
				CE643530187880D7002DF8F8 /* master2.xcdatamodeld in Sources */,
				CE64352A187880D7002DF8F8 /* AppDelegate.m in Sources */,
				CE643526187880D7002DF8F8 /* main.m in Sources */,
				CEE893BD18A07917006BDEA7 /* popPresetMenuViewController.m in Sources */,
				CE8FC9E318A291390087CA8C /* PDFControl.m in Sources */,
				CEC12DA9188DB25800DCB8BF /* Veicle.m in Sources */,
				CE26639A18AFE43A00AB5625 /* coinControl.m in Sources */,
				CEC12DA0188DB25700DCB8BF /* Parts.m in Sources */,
				CEC12DB2188DB25800DCB8BF /* Body_shop_repaire.m in Sources */,
				CEC12DA6188DB25800DCB8BF /* Prices.m in Sources */,
				CEC7ED6A18ABC3DF00F48A57 /* languageControl.m in Sources */,
				CE0879C018A6C742003206BF /* Recommend.m in Sources */,
				CED52697189DEF2800FE0346 /* cellDescriptController.m in Sources */,
				CE55526A1896E46D0025100C /* imageViewController.m in Sources */,
				CE26639E18B0066800AB5625 /* preferencesDefault.m in Sources */,
				CEC12DA3188DB25800DCB8BF /* Espec_part.m in Sources */,
				CEA63B97187CD18A00991BB9 /* MasterViewController2.m in Sources */,
				CEBD4E011898203900C88868 /* showEstimateViewController.m in Sources */,
			);
			runOnlyForDeploymentPostprocessing = 0;
		};
		CE643539187880D7002DF8F8 /* Sources */ = {
			isa = PBXSourcesBuildPhase;
			buildActionMask = 2147483647;
			files = (
				CE64354C187880D7002DF8F8 /* master2Tests.m in Sources */,
			);
			runOnlyForDeploymentPostprocessing = 0;
		};
/* End PBXSourcesBuildPhase section */

/* Begin PBXTargetDependency section */
		CE643544187880D7002DF8F8 /* PBXTargetDependency */ = {
			isa = PBXTargetDependency;
			target = CE643513187880D7002DF8F8 /* master2 */;
			targetProxy = CE643543187880D7002DF8F8 /* PBXContainerItemProxy */;
		};
/* End PBXTargetDependency section */

/* Begin PBXVariantGroup section */
		CE643522187880D7002DF8F8 /* InfoPlist.strings */ = {
			isa = PBXVariantGroup;
			children = (
				CE643523187880D7002DF8F8 /* en */,
			);
			name = InfoPlist.strings;
			sourceTree = "<group>";
		};
		CE64352B187880D7002DF8F8 /* Main.storyboard */ = {
			isa = PBXVariantGroup;
			children = (
				CE64352C187880D7002DF8F8 /* Base */,
			);
			name = Main.storyboard;
			sourceTree = "<group>";
		};
		CE643548187880D7002DF8F8 /* InfoPlist.strings */ = {
			isa = PBXVariantGroup;
			children = (
				CE643549187880D7002DF8F8 /* en */,
			);
			name = InfoPlist.strings;
			sourceTree = "<group>";
		};
/* End PBXVariantGroup section */

/* Begin XCBuildConfiguration section */
		CE64354D187880D7002DF8F8 /* Debug */ = {
			isa = XCBuildConfiguration;
			buildSettings = {
				ALWAYS_SEARCH_USER_PATHS = NO;
				ARCHS = "$(ARCHS_STANDARD_INCLUDING_64_BIT)";
				CLANG_CXX_LANGUAGE_STANDARD = "gnu++0x";
				CLANG_CXX_LIBRARY = "libc++";
				CLANG_ENABLE_MODULES = YES;
				CLANG_ENABLE_OBJC_ARC = YES;
				CLANG_WARN_BOOL_CONVERSION = YES;
				CLANG_WARN_CONSTANT_CONVERSION = YES;
				CLANG_WARN_DIRECT_OBJC_ISA_USAGE = YES_ERROR;
				CLANG_WARN_EMPTY_BODY = YES;
				CLANG_WARN_ENUM_CONVERSION = YES;
				CLANG_WARN_INT_CONVERSION = YES;
				CLANG_WARN_OBJC_ROOT_CLASS = YES_ERROR;
				CLANG_WARN__DUPLICATE_METHOD_MATCH = YES;
				"CODE_SIGN_IDENTITY[sdk=iphoneos*]" = "iPhone Developer";
				COPY_PHASE_STRIP = NO;
				GCC_C_LANGUAGE_STANDARD = gnu99;
				GCC_DYNAMIC_NO_PIC = NO;
				GCC_OPTIMIZATION_LEVEL = 0;
				GCC_PREPROCESSOR_DEFINITIONS = (
					"DEBUG=1",
					"$(inherited)",
				);
				GCC_SYMBOLS_PRIVATE_EXTERN = NO;
				GCC_WARN_64_TO_32_BIT_CONVERSION = YES;
				GCC_WARN_ABOUT_RETURN_TYPE = YES_ERROR;
				GCC_WARN_UNDECLARED_SELECTOR = YES;
				GCC_WARN_UNINITIALIZED_AUTOS = YES;
				GCC_WARN_UNUSED_FUNCTION = YES;
				GCC_WARN_UNUSED_VARIABLE = YES;
				IPHONEOS_DEPLOYMENT_TARGET = 7.0;
				ONLY_ACTIVE_ARCH = YES;
				SDKROOT = iphoneos;
				TARGETED_DEVICE_FAMILY = 2;
			};
			name = Debug;
		};
		CE64354E187880D7002DF8F8 /* Release */ = {
			isa = XCBuildConfiguration;
			buildSettings = {
				ALWAYS_SEARCH_USER_PATHS = NO;
				ARCHS = "$(ARCHS_STANDARD_INCLUDING_64_BIT)";
				CLANG_CXX_LANGUAGE_STANDARD = "gnu++0x";
				CLANG_CXX_LIBRARY = "libc++";
				CLANG_ENABLE_MODULES = YES;
				CLANG_ENABLE_OBJC_ARC = YES;
				CLANG_WARN_BOOL_CONVERSION = YES;
				CLANG_WARN_CONSTANT_CONVERSION = YES;
				CLANG_WARN_DIRECT_OBJC_ISA_USAGE = YES_ERROR;
				CLANG_WARN_EMPTY_BODY = YES;
				CLANG_WARN_ENUM_CONVERSION = YES;
				CLANG_WARN_INT_CONVERSION = YES;
				CLANG_WARN_OBJC_ROOT_CLASS = YES_ERROR;
				CLANG_WARN__DUPLICATE_METHOD_MATCH = YES;
				"CODE_SIGN_IDENTITY[sdk=iphoneos*]" = "iPhone Developer";
				COPY_PHASE_STRIP = YES;
				ENABLE_NS_ASSERTIONS = NO;
				GCC_C_LANGUAGE_STANDARD = gnu99;
				GCC_WARN_64_TO_32_BIT_CONVERSION = YES;
				GCC_WARN_ABOUT_RETURN_TYPE = YES_ERROR;
				GCC_WARN_UNDECLARED_SELECTOR = YES;
				GCC_WARN_UNINITIALIZED_AUTOS = YES;
				GCC_WARN_UNUSED_FUNCTION = YES;
				GCC_WARN_UNUSED_VARIABLE = YES;
				IPHONEOS_DEPLOYMENT_TARGET = 7.0;
				SDKROOT = iphoneos;
				TARGETED_DEVICE_FAMILY = 2;
				VALIDATE_PRODUCT = YES;
			};
			name = Release;
		};
		CE643550187880D7002DF8F8 /* Debug */ = {
			isa = XCBuildConfiguration;
			buildSettings = {
				ASSETCATALOG_COMPILER_APPICON_NAME = AppIcon;
				ASSETCATALOG_COMPILER_LAUNCHIMAGE_NAME = LaunchImage;
				GCC_PRECOMPILE_PREFIX_HEADER = YES;
				GCC_PREFIX_HEADER = "master2/master2-Prefix.pch";
				INFOPLIST_FILE = "master2/master2-Info.plist";
				PRODUCT_NAME = "$(TARGET_NAME)";
				WRAPPER_EXTENSION = app;
			};
			name = Debug;
		};
		CE643551187880D7002DF8F8 /* Release */ = {
			isa = XCBuildConfiguration;
			buildSettings = {
				ASSETCATALOG_COMPILER_APPICON_NAME = AppIcon;
				ASSETCATALOG_COMPILER_LAUNCHIMAGE_NAME = LaunchImage;
				GCC_PRECOMPILE_PREFIX_HEADER = YES;
				GCC_PREFIX_HEADER = "master2/master2-Prefix.pch";
				INFOPLIST_FILE = "master2/master2-Info.plist";
				PRODUCT_NAME = "$(TARGET_NAME)";
				WRAPPER_EXTENSION = app;
			};
			name = Release;
		};
		CE643553187880D7002DF8F8 /* Debug */ = {
			isa = XCBuildConfiguration;
			buildSettings = {
				ARCHS = "$(ARCHS_STANDARD_INCLUDING_64_BIT)";
				BUNDLE_LOADER = "$(BUILT_PRODUCTS_DIR)/master2.app/master2";
				FRAMEWORK_SEARCH_PATHS = (
					"$(SDKROOT)/Developer/Library/Frameworks",
					"$(inherited)",
					"$(DEVELOPER_FRAMEWORKS_DIR)",
				);
				GCC_PRECOMPILE_PREFIX_HEADER = YES;
				GCC_PREFIX_HEADER = "master2/master2-Prefix.pch";
				GCC_PREPROCESSOR_DEFINITIONS = (
					"DEBUG=1",
					"$(inherited)",
				);
				INFOPLIST_FILE = "master2Tests/master2Tests-Info.plist";
				PRODUCT_NAME = "$(TARGET_NAME)";
				TEST_HOST = "$(BUNDLE_LOADER)";
				WRAPPER_EXTENSION = xctest;
			};
			name = Debug;
		};
		CE643554187880D7002DF8F8 /* Release */ = {
			isa = XCBuildConfiguration;
			buildSettings = {
				ARCHS = "$(ARCHS_STANDARD_INCLUDING_64_BIT)";
				BUNDLE_LOADER = "$(BUILT_PRODUCTS_DIR)/master2.app/master2";
				FRAMEWORK_SEARCH_PATHS = (
					"$(SDKROOT)/Developer/Library/Frameworks",
					"$(inherited)",
					"$(DEVELOPER_FRAMEWORKS_DIR)",
				);
				GCC_PRECOMPILE_PREFIX_HEADER = YES;
				GCC_PREFIX_HEADER = "master2/master2-Prefix.pch";
				INFOPLIST_FILE = "master2Tests/master2Tests-Info.plist";
				PRODUCT_NAME = "$(TARGET_NAME)";
				TEST_HOST = "$(BUNDLE_LOADER)";
				WRAPPER_EXTENSION = xctest;
			};
			name = Release;
		};
/* End XCBuildConfiguration section */

/* Begin XCConfigurationList section */
		CE64350F187880D7002DF8F8 /* Build configuration list for PBXProject "master2" */ = {
			isa = XCConfigurationList;
			buildConfigurations = (
				CE64354D187880D7002DF8F8 /* Debug */,
				CE64354E187880D7002DF8F8 /* Release */,
			);
			defaultConfigurationIsVisible = 0;
			defaultConfigurationName = Release;
		};
		CE64354F187880D7002DF8F8 /* Build configuration list for PBXNativeTarget "master2" */ = {
			isa = XCConfigurationList;
			buildConfigurations = (
				CE643550187880D7002DF8F8 /* Debug */,
				CE643551187880D7002DF8F8 /* Release */,
			);
			defaultConfigurationIsVisible = 0;
			defaultConfigurationName = Release;
		};
		CE643552187880D7002DF8F8 /* Build configuration list for PBXNativeTarget "master2Tests" */ = {
			isa = XCConfigurationList;
			buildConfigurations = (
				CE643553187880D7002DF8F8 /* Debug */,
				CE643554187880D7002DF8F8 /* Release */,
			);
			defaultConfigurationIsVisible = 0;
			defaultConfigurationName = Release;
		};
/* End XCConfigurationList section */

/* Begin XCVersionGroup section */
		CE64352E187880D7002DF8F8 /* master2.xcdatamodeld */ = {
			isa = XCVersionGroup;
			children = (
				CE64352F187880D7002DF8F8 /* master2.xcdatamodel */,
			);
			currentVersion = CE64352F187880D7002DF8F8 /* master2.xcdatamodel */;
			path = master2.xcdatamodeld;
			sourceTree = "<group>";
			versionGroupType = wrapper.xcdatamodel;
		};
/* End XCVersionGroup section */
	};
	rootObject = CE64350C187880D7002DF8F8 /* Project object */;
}
