// !$*UTF8*$!
{
	archiveVersion = 1;
	classes = {
	};
	objectVersion = 46;
	objects = {

/* Begin PBXBuildFile section */
		CE18CFE117D044AF00CBD3DA /* UIKit.framework in Frameworks */ = {isa = PBXBuildFile; fileRef = CE18CFE017D044AF00CBD3DA /* UIKit.framework */; };
		CE18CFE317D044AF00CBD3DA /* Foundation.framework in Frameworks */ = {isa = PBXBuildFile; fileRef = CE18CFE217D044AF00CBD3DA /* Foundation.framework */; };
		CE18CFE517D044AF00CBD3DA /* CoreGraphics.framework in Frameworks */ = {isa = PBXBuildFile; fileRef = CE18CFE417D044AF00CBD3DA /* CoreGraphics.framework */; };
		CE18CFEB17D044AF00CBD3DA /* InfoPlist.strings in Resources */ = {isa = PBXBuildFile; fileRef = CE18CFE917D044AF00CBD3DA /* InfoPlist.strings */; };
		CE18CFED17D044AF00CBD3DA /* main.m in Sources */ = {isa = PBXBuildFile; fileRef = CE18CFEC17D044AF00CBD3DA /* main.m */; };
		CE18CFF117D044AF00CBD3DA /* AppDelegate.m in Sources */ = {isa = PBXBuildFile; fileRef = CE18CFF017D044AF00CBD3DA /* AppDelegate.m */; };
		CE18CFF317D044AF00CBD3DA /* Default.png in Resources */ = {isa = PBXBuildFile; fileRef = CE18CFF217D044AF00CBD3DA /* Default.png */; };
		CE18CFF517D044AF00CBD3DA /* Default@2x.png in Resources */ = {isa = PBXBuildFile; fileRef = CE18CFF417D044AF00CBD3DA /* Default@2x.png */; };
		CE18CFF717D044AF00CBD3DA /* Default-568h@2x.png in Resources */ = {isa = PBXBuildFile; fileRef = CE18CFF617D044AF00CBD3DA /* Default-568h@2x.png */; };
		CE18D00517D044B000CBD3DA /* SenTestingKit.framework in Frameworks */ = {isa = PBXBuildFile; fileRef = CE18D00417D044B000CBD3DA /* SenTestingKit.framework */; };
		CE18D00617D044B000CBD3DA /* UIKit.framework in Frameworks */ = {isa = PBXBuildFile; fileRef = CE18CFE017D044AF00CBD3DA /* UIKit.framework */; };
		CE18D00717D044B000CBD3DA /* Foundation.framework in Frameworks */ = {isa = PBXBuildFile; fileRef = CE18CFE217D044AF00CBD3DA /* Foundation.framework */; };
		CE18D00F17D044B000CBD3DA /* InfoPlist.strings in Resources */ = {isa = PBXBuildFile; fileRef = CE18D00D17D044B000CBD3DA /* InfoPlist.strings */; };
		CE18D01217D044B000CBD3DA /* iOSTests.m in Sources */ = {isa = PBXBuildFile; fileRef = CE18D01117D044B000CBD3DA /* iOSTests.m */; };
		CE18D01E17D044E900CBD3DA /* ORender.m in Sources */ = {isa = PBXBuildFile; fileRef = CE18D01C17D044E900CBD3DA /* ORender.m */; };
		CE18D01F17D044E900CBD3DA /* ORender.xib in Resources */ = {isa = PBXBuildFile; fileRef = CE18D01D17D044E900CBD3DA /* ORender.xib */; };
/* End PBXBuildFile section */

/* Begin PBXContainerItemProxy section */
		CE18D00817D044B000CBD3DA /* PBXContainerItemProxy */ = {
			isa = PBXContainerItemProxy;
			containerPortal = CE18CFD517D044AF00CBD3DA /* Project object */;
			proxyType = 1;
			remoteGlobalIDString = CE18CFDC17D044AF00CBD3DA;
			remoteInfo = iOS;
		};
/* End PBXContainerItemProxy section */

/* Begin PBXFileReference section */
		CE18CFDD17D044AF00CBD3DA /* iOS.app */ = {isa = PBXFileReference; explicitFileType = wrapper.application; includeInIndex = 0; path = iOS.app; sourceTree = BUILT_PRODUCTS_DIR; };
		CE18CFE017D044AF00CBD3DA /* UIKit.framework */ = {isa = PBXFileReference; lastKnownFileType = wrapper.framework; name = UIKit.framework; path = System/Library/Frameworks/UIKit.framework; sourceTree = SDKROOT; };
		CE18CFE217D044AF00CBD3DA /* Foundation.framework */ = {isa = PBXFileReference; lastKnownFileType = wrapper.framework; name = Foundation.framework; path = System/Library/Frameworks/Foundation.framework; sourceTree = SDKROOT; };
		CE18CFE417D044AF00CBD3DA /* CoreGraphics.framework */ = {isa = PBXFileReference; lastKnownFileType = wrapper.framework; name = CoreGraphics.framework; path = System/Library/Frameworks/CoreGraphics.framework; sourceTree = SDKROOT; };
		CE18CFE817D044AF00CBD3DA /* iOS-Info.plist */ = {isa = PBXFileReference; lastKnownFileType = text.plist.xml; path = "iOS-Info.plist"; sourceTree = "<group>"; };
		CE18CFEA17D044AF00CBD3DA /* en */ = {isa = PBXFileReference; lastKnownFileType = text.plist.strings; name = en; path = en.lproj/InfoPlist.strings; sourceTree = "<group>"; };
		CE18CFEC17D044AF00CBD3DA /* main.m */ = {isa = PBXFileReference; lastKnownFileType = sourcecode.c.objc; path = main.m; sourceTree = "<group>"; };
		CE18CFEE17D044AF00CBD3DA /* iOS-Prefix.pch */ = {isa = PBXFileReference; lastKnownFileType = sourcecode.c.h; path = "iOS-Prefix.pch"; sourceTree = "<group>"; };
		CE18CFEF17D044AF00CBD3DA /* AppDelegate.h */ = {isa = PBXFileReference; lastKnownFileType = sourcecode.c.h; path = AppDelegate.h; sourceTree = "<group>"; };
		CE18CFF017D044AF00CBD3DA /* AppDelegate.m */ = {isa = PBXFileReference; lastKnownFileType = sourcecode.c.objc; path = AppDelegate.m; sourceTree = "<group>"; };
		CE18CFF217D044AF00CBD3DA /* Default.png */ = {isa = PBXFileReference; lastKnownFileType = image.png; path = Default.png; sourceTree = "<group>"; };
		CE18CFF417D044AF00CBD3DA /* Default@2x.png */ = {isa = PBXFileReference; lastKnownFileType = image.png; path = "Default@2x.png"; sourceTree = "<group>"; };
		CE18CFF617D044AF00CBD3DA /* Default-568h@2x.png */ = {isa = PBXFileReference; lastKnownFileType = image.png; path = "Default-568h@2x.png"; sourceTree = "<group>"; };
		CE18D00317D044B000CBD3DA /* iOSTests.octest */ = {isa = PBXFileReference; explicitFileType = wrapper.cfbundle; includeInIndex = 0; path = iOSTests.octest; sourceTree = BUILT_PRODUCTS_DIR; };
		CE18D00417D044B000CBD3DA /* SenTestingKit.framework */ = {isa = PBXFileReference; lastKnownFileType = wrapper.framework; name = SenTestingKit.framework; path = Library/Frameworks/SenTestingKit.framework; sourceTree = DEVELOPER_DIR; };
		CE18D00C17D044B000CBD3DA /* iOSTests-Info.plist */ = {isa = PBXFileReference; lastKnownFileType = text.plist.xml; path = "iOSTests-Info.plist"; sourceTree = "<group>"; };
		CE18D00E17D044B000CBD3DA /* en */ = {isa = PBXFileReference; lastKnownFileType = text.plist.strings; name = en; path = en.lproj/InfoPlist.strings; sourceTree = "<group>"; };
		CE18D01017D044B000CBD3DA /* iOSTests.h */ = {isa = PBXFileReference; lastKnownFileType = sourcecode.c.h; path = iOSTests.h; sourceTree = "<group>"; };
		CE18D01117D044B000CBD3DA /* iOSTests.m */ = {isa = PBXFileReference; lastKnownFileType = sourcecode.c.objc; path = iOSTests.m; sourceTree = "<group>"; };
		CE18D01B17D044E900CBD3DA /* ORender.h */ = {isa = PBXFileReference; fileEncoding = 4; lastKnownFileType = sourcecode.c.h; path = ORender.h; sourceTree = "<group>"; };
		CE18D01C17D044E900CBD3DA /* ORender.m */ = {isa = PBXFileReference; fileEncoding = 4; lastKnownFileType = sourcecode.c.objc; path = ORender.m; sourceTree = "<group>"; };
		CE18D01D17D044E900CBD3DA /* ORender.xib */ = {isa = PBXFileReference; fileEncoding = 4; lastKnownFileType = file.xib; path = ORender.xib; sourceTree = "<group>"; };
/* End PBXFileReference section */

/* Begin PBXFrameworksBuildPhase section */
		CE18CFDA17D044AF00CBD3DA /* Frameworks */ = {
			isa = PBXFrameworksBuildPhase;
			buildActionMask = 2147483647;
			files = (
				CE18CFE117D044AF00CBD3DA /* UIKit.framework in Frameworks */,
				CE18CFE317D044AF00CBD3DA /* Foundation.framework in Frameworks */,
				CE18CFE517D044AF00CBD3DA /* CoreGraphics.framework in Frameworks */,
			);
			runOnlyForDeploymentPostprocessing = 0;
		};
		CE18CFFF17D044B000CBD3DA /* Frameworks */ = {
			isa = PBXFrameworksBuildPhase;
			buildActionMask = 2147483647;
			files = (
				CE18D00517D044B000CBD3DA /* SenTestingKit.framework in Frameworks */,
				CE18D00617D044B000CBD3DA /* UIKit.framework in Frameworks */,
				CE18D00717D044B000CBD3DA /* Foundation.framework in Frameworks */,
			);
			runOnlyForDeploymentPostprocessing = 0;
		};
/* End PBXFrameworksBuildPhase section */

/* Begin PBXGroup section */
		CE18CFD417D044AF00CBD3DA = {
			isa = PBXGroup;
			children = (
				CE18CFE617D044AF00CBD3DA /* iOS */,
				CE18D00A17D044B000CBD3DA /* iOSTests */,
				CE18CFDF17D044AF00CBD3DA /* Frameworks */,
				CE18CFDE17D044AF00CBD3DA /* Products */,
			);
			sourceTree = "<group>";
		};
		CE18CFDE17D044AF00CBD3DA /* Products */ = {
			isa = PBXGroup;
			children = (
				CE18CFDD17D044AF00CBD3DA /* iOS.app */,
				CE18D00317D044B000CBD3DA /* iOSTests.octest */,
			);
			name = Products;
			sourceTree = "<group>";
		};
		CE18CFDF17D044AF00CBD3DA /* Frameworks */ = {
			isa = PBXGroup;
			children = (
				CE18CFE017D044AF00CBD3DA /* UIKit.framework */,
				CE18CFE217D044AF00CBD3DA /* Foundation.framework */,
				CE18CFE417D044AF00CBD3DA /* CoreGraphics.framework */,
				CE18D00417D044B000CBD3DA /* SenTestingKit.framework */,
			);
			name = Frameworks;
			sourceTree = "<group>";
		};
		CE18CFE617D044AF00CBD3DA /* iOS */ = {
			isa = PBXGroup;
			children = (
				CE18CFEF17D044AF00CBD3DA /* AppDelegate.h */,
				CE18CFF017D044AF00CBD3DA /* AppDelegate.m */,
				CE18D01B17D044E900CBD3DA /* ORender.h */,
				CE18D01C17D044E900CBD3DA /* ORender.m */,
				CE18D01D17D044E900CBD3DA /* ORender.xib */,
				CE18CFE717D044AF00CBD3DA /* Supporting Files */,
			);
			path = iOS;
			sourceTree = "<group>";
		};
		CE18CFE717D044AF00CBD3DA /* Supporting Files */ = {
			isa = PBXGroup;
			children = (
				CE18CFE817D044AF00CBD3DA /* iOS-Info.plist */,
				CE18CFE917D044AF00CBD3DA /* InfoPlist.strings */,
				CE18CFEC17D044AF00CBD3DA /* main.m */,
				CE18CFEE17D044AF00CBD3DA /* iOS-Prefix.pch */,
				CE18CFF217D044AF00CBD3DA /* Default.png */,
				CE18CFF417D044AF00CBD3DA /* Default@2x.png */,
				CE18CFF617D044AF00CBD3DA /* Default-568h@2x.png */,
			);
			name = "Supporting Files";
			sourceTree = "<group>";
		};
		CE18D00A17D044B000CBD3DA /* iOSTests */ = {
			isa = PBXGroup;
			children = (
				CE18D01017D044B000CBD3DA /* iOSTests.h */,
				CE18D01117D044B000CBD3DA /* iOSTests.m */,
				CE18D00B17D044B000CBD3DA /* Supporting Files */,
			);
			path = iOSTests;
			sourceTree = "<group>";
		};
		CE18D00B17D044B000CBD3DA /* Supporting Files */ = {
			isa = PBXGroup;
			children = (
				CE18D00C17D044B000CBD3DA /* iOSTests-Info.plist */,
				CE18D00D17D044B000CBD3DA /* InfoPlist.strings */,
			);
			name = "Supporting Files";
			sourceTree = "<group>";
		};
/* End PBXGroup section */

/* Begin PBXNativeTarget section */
		CE18CFDC17D044AF00CBD3DA /* iOS */ = {
			isa = PBXNativeTarget;
			buildConfigurationList = CE18D01517D044B000CBD3DA /* Build configuration list for PBXNativeTarget "iOS" */;
			buildPhases = (
				CE18CFD917D044AF00CBD3DA /* Sources */,
				CE18CFDA17D044AF00CBD3DA /* Frameworks */,
				CE18CFDB17D044AF00CBD3DA /* Resources */,
			);
			buildRules = (
			);
			dependencies = (
			);
			name = iOS;
			productName = iOS;
			productReference = CE18CFDD17D044AF00CBD3DA /* iOS.app */;
			productType = "com.apple.product-type.application";
		};
		CE18D00217D044B000CBD3DA /* iOSTests */ = {
			isa = PBXNativeTarget;
			buildConfigurationList = CE18D01817D044B000CBD3DA /* Build configuration list for PBXNativeTarget "iOSTests" */;
			buildPhases = (
				CE18CFFE17D044B000CBD3DA /* Sources */,
				CE18CFFF17D044B000CBD3DA /* Frameworks */,
				CE18D00017D044B000CBD3DA /* Resources */,
				CE18D00117D044B000CBD3DA /* ShellScript */,
			);
			buildRules = (
			);
			dependencies = (
				CE18D00917D044B000CBD3DA /* PBXTargetDependency */,
			);
			name = iOSTests;
			productName = iOSTests;
			productReference = CE18D00317D044B000CBD3DA /* iOSTests.octest */;
			productType = "com.apple.product-type.bundle";
		};
/* End PBXNativeTarget section */

/* Begin PBXProject section */
		CE18CFD517D044AF00CBD3DA /* Project object */ = {
			isa = PBXProject;
			attributes = {
				LastUpgradeCheck = 0460;
				ORGANIZATIONNAME = User;
			};
			buildConfigurationList = CE18CFD817D044AF00CBD3DA /* Build configuration list for PBXProject "iOS" */;
			compatibilityVersion = "Xcode 3.2";
			developmentRegion = English;
			hasScannedForEncodings = 0;
			knownRegions = (
				en,
			);
			mainGroup = CE18CFD417D044AF00CBD3DA;
			productRefGroup = CE18CFDE17D044AF00CBD3DA /* Products */;
			projectDirPath = "";
			projectRoot = "";
			targets = (
				CE18CFDC17D044AF00CBD3DA /* iOS */,
				CE18D00217D044B000CBD3DA /* iOSTests */,
			);
		};
/* End PBXProject section */

/* Begin PBXResourcesBuildPhase section */
		CE18CFDB17D044AF00CBD3DA /* Resources */ = {
			isa = PBXResourcesBuildPhase;
			buildActionMask = 2147483647;
			files = (
				CE18CFEB17D044AF00CBD3DA /* InfoPlist.strings in Resources */,
				CE18CFF317D044AF00CBD3DA /* Default.png in Resources */,
				CE18CFF517D044AF00CBD3DA /* Default@2x.png in Resources */,
				CE18CFF717D044AF00CBD3DA /* Default-568h@2x.png in Resources */,
				CE18D01F17D044E900CBD3DA /* ORender.xib in Resources */,
			);
			runOnlyForDeploymentPostprocessing = 0;
		};
		CE18D00017D044B000CBD3DA /* Resources */ = {
			isa = PBXResourcesBuildPhase;
			buildActionMask = 2147483647;
			files = (
				CE18D00F17D044B000CBD3DA /* InfoPlist.strings in Resources */,
			);
			runOnlyForDeploymentPostprocessing = 0;
		};
/* End PBXResourcesBuildPhase section */

/* Begin PBXShellScriptBuildPhase section */
		CE18D00117D044B000CBD3DA /* ShellScript */ = {
			isa = PBXShellScriptBuildPhase;
			buildActionMask = 2147483647;
			files = (
			);
			inputPaths = (
			);
			outputPaths = (
			);
			runOnlyForDeploymentPostprocessing = 0;
			shellPath = /bin/sh;
			shellScript = "# Run the unit tests in this test bundle.\n\"${SYSTEM_DEVELOPER_DIR}/Tools/RunUnitTests\"\n";
		};
/* End PBXShellScriptBuildPhase section */

/* Begin PBXSourcesBuildPhase section */
		CE18CFD917D044AF00CBD3DA /* Sources */ = {
			isa = PBXSourcesBuildPhase;
			buildActionMask = 2147483647;
			files = (
				CE18CFED17D044AF00CBD3DA /* main.m in Sources */,
				CE18CFF117D044AF00CBD3DA /* AppDelegate.m in Sources */,
				CE18D01E17D044E900CBD3DA /* ORender.m in Sources */,
			);
			runOnlyForDeploymentPostprocessing = 0;
		};
		CE18CFFE17D044B000CBD3DA /* Sources */ = {
			isa = PBXSourcesBuildPhase;
			buildActionMask = 2147483647;
			files = (
				CE18D01217D044B000CBD3DA /* iOSTests.m in Sources */,
			);
			runOnlyForDeploymentPostprocessing = 0;
		};
/* End PBXSourcesBuildPhase section */

/* Begin PBXTargetDependency section */
		CE18D00917D044B000CBD3DA /* PBXTargetDependency */ = {
			isa = PBXTargetDependency;
			target = CE18CFDC17D044AF00CBD3DA /* iOS */;
			targetProxy = CE18D00817D044B000CBD3DA /* PBXContainerItemProxy */;
		};
/* End PBXTargetDependency section */

/* Begin PBXVariantGroup section */
		CE18CFE917D044AF00CBD3DA /* InfoPlist.strings */ = {
			isa = PBXVariantGroup;
			children = (
				CE18CFEA17D044AF00CBD3DA /* en */,
			);
			name = InfoPlist.strings;
			sourceTree = "<group>";
		};
		CE18D00D17D044B000CBD3DA /* InfoPlist.strings */ = {
			isa = PBXVariantGroup;
			children = (
				CE18D00E17D044B000CBD3DA /* en */,
			);
			name = InfoPlist.strings;
			sourceTree = "<group>";
		};
/* End PBXVariantGroup section */

/* Begin XCBuildConfiguration section */
		CE18D01317D044B000CBD3DA /* Debug */ = {
			isa = XCBuildConfiguration;
			buildSettings = {
				ALWAYS_SEARCH_USER_PATHS = NO;
				CLANG_CXX_LANGUAGE_STANDARD = "gnu++0x";
				CLANG_CXX_LIBRARY = "libc++";
				CLANG_WARN_CONSTANT_CONVERSION = YES;
				CLANG_WARN_EMPTY_BODY = YES;
				CLANG_WARN_ENUM_CONVERSION = YES;
				CLANG_WARN_INT_CONVERSION = YES;
				CLANG_WARN__DUPLICATE_METHOD_MATCH = YES;
				"CODE_SIGN_IDENTITY[sdk=iphoneos*]" = "iPhone Developer";
				COPY_PHASE_STRIP = NO;
				GCC_C_LANGUAGE_STANDARD = gnu99;
				GCC_DYNAMIC_NO_PIC = NO;
				GCC_OPTIMIZATION_LEVEL = 0;
				GCC_PREPROCESSOR_DEFINITIONS = (
					"DEBUG=1",
					"$(inherited)",
				);
				GCC_SYMBOLS_PRIVATE_EXTERN = NO;
				GCC_WARN_ABOUT_RETURN_TYPE = YES;
				GCC_WARN_UNINITIALIZED_AUTOS = YES;
				GCC_WARN_UNUSED_VARIABLE = YES;
				IPHONEOS_DEPLOYMENT_TARGET = 6.1;
				ONLY_ACTIVE_ARCH = YES;
				SDKROOT = iphoneos;
			};
			name = Debug;
		};
		CE18D01417D044B000CBD3DA /* Release */ = {
			isa = XCBuildConfiguration;
			buildSettings = {
				ALWAYS_SEARCH_USER_PATHS = NO;
				CLANG_CXX_LANGUAGE_STANDARD = "gnu++0x";
				CLANG_CXX_LIBRARY = "libc++";
				CLANG_WARN_CONSTANT_CONVERSION = YES;
				CLANG_WARN_EMPTY_BODY = YES;
				CLANG_WARN_ENUM_CONVERSION = YES;
				CLANG_WARN_INT_CONVERSION = YES;
				CLANG_WARN__DUPLICATE_METHOD_MATCH = YES;
				"CODE_SIGN_IDENTITY[sdk=iphoneos*]" = "iPhone Developer";
				COPY_PHASE_STRIP = YES;
				GCC_C_LANGUAGE_STANDARD = gnu99;
				GCC_WARN_ABOUT_RETURN_TYPE = YES;
				GCC_WARN_UNINITIALIZED_AUTOS = YES;
				GCC_WARN_UNUSED_VARIABLE = YES;
				IPHONEOS_DEPLOYMENT_TARGET = 6.1;
				OTHER_CFLAGS = "-DNS_BLOCK_ASSERTIONS=1";
				SDKROOT = iphoneos;
				VALIDATE_PRODUCT = YES;
			};
			name = Release;
		};
		CE18D01617D044B000CBD3DA /* Debug */ = {
			isa = XCBuildConfiguration;
			buildSettings = {
				GCC_PRECOMPILE_PREFIX_HEADER = YES;
				GCC_PREFIX_HEADER = "iOS/iOS-Prefix.pch";
				INFOPLIST_FILE = "iOS/iOS-Info.plist";
				PRODUCT_NAME = "$(TARGET_NAME)";
				WRAPPER_EXTENSION = app;
			};
			name = Debug;
		};
		CE18D01717D044B000CBD3DA /* Release */ = {
			isa = XCBuildConfiguration;
			buildSettings = {
				GCC_PRECOMPILE_PREFIX_HEADER = YES;
				GCC_PREFIX_HEADER = "iOS/iOS-Prefix.pch";
				INFOPLIST_FILE = "iOS/iOS-Info.plist";
				PRODUCT_NAME = "$(TARGET_NAME)";
				WRAPPER_EXTENSION = app;
			};
			name = Release;
		};
		CE18D01917D044B000CBD3DA /* Debug */ = {
			isa = XCBuildConfiguration;
			buildSettings = {
				BUNDLE_LOADER = "$(BUILT_PRODUCTS_DIR)/iOS.app/iOS";
				FRAMEWORK_SEARCH_PATHS = (
					"\"$(SDKROOT)/Developer/Library/Frameworks\"",
					"\"$(DEVELOPER_LIBRARY_DIR)/Frameworks\"",
				);
				GCC_PRECOMPILE_PREFIX_HEADER = YES;
				GCC_PREFIX_HEADER = "iOS/iOS-Prefix.pch";
				INFOPLIST_FILE = "iOSTests/iOSTests-Info.plist";
				PRODUCT_NAME = "$(TARGET_NAME)";
				TEST_HOST = "$(BUNDLE_LOADER)";
				WRAPPER_EXTENSION = octest;
			};
			name = Debug;
		};
		CE18D01A17D044B000CBD3DA /* Release */ = {
			isa = XCBuildConfiguration;
			buildSettings = {
				BUNDLE_LOADER = "$(BUILT_PRODUCTS_DIR)/iOS.app/iOS";
				FRAMEWORK_SEARCH_PATHS = (
					"\"$(SDKROOT)/Developer/Library/Frameworks\"",
					"\"$(DEVELOPER_LIBRARY_DIR)/Frameworks\"",
				);
				GCC_PRECOMPILE_PREFIX_HEADER = YES;
				GCC_PREFIX_HEADER = "iOS/iOS-Prefix.pch";
				INFOPLIST_FILE = "iOSTests/iOSTests-Info.plist";
				PRODUCT_NAME = "$(TARGET_NAME)";
				TEST_HOST = "$(BUNDLE_LOADER)";
				WRAPPER_EXTENSION = octest;
			};
			name = Release;
		};
/* End XCBuildConfiguration section */

/* Begin XCConfigurationList section */
		CE18CFD817D044AF00CBD3DA /* Build configuration list for PBXProject "iOS" */ = {
			isa = XCConfigurationList;
			buildConfigurations = (
				CE18D01317D044B000CBD3DA /* Debug */,
				CE18D01417D044B000CBD3DA /* Release */,
			);
			defaultConfigurationIsVisible = 0;
			defaultConfigurationName = Release;
		};
		CE18D01517D044B000CBD3DA /* Build configuration list for PBXNativeTarget "iOS" */ = {
			isa = XCConfigurationList;
			buildConfigurations = (
				CE18D01617D044B000CBD3DA /* Debug */,
				CE18D01717D044B000CBD3DA /* Release */,
			);
			defaultConfigurationIsVisible = 0;
		};
		CE18D01817D044B000CBD3DA /* Build configuration list for PBXNativeTarget "iOSTests" */ = {
			isa = XCConfigurationList;
			buildConfigurations = (
				CE18D01917D044B000CBD3DA /* Debug */,
				CE18D01A17D044B000CBD3DA /* Release */,
			);
			defaultConfigurationIsVisible = 0;
		};
/* End XCConfigurationList section */
	};
	rootObject = CE18CFD517D044AF00CBD3DA /* Project object */;
}
