// !$*UTF8*$!
{
	archiveVersion = 1;
	classes = {
	};
	objectVersion = 46;
	objects = {

/* Begin PBXBuildFile section */
		CEA9DF66188D86700038C5D3 /* Cores.m in Sources */ = {isa = PBXBuildFile; fileRef = CEA9DF65188D86700038C5D3 /* Cores.m */; };
		CEA9DF69188D86700038C5D3 /* Carro.m in Sources */ = {isa = PBXBuildFile; fileRef = CEA9DF68188D86700038C5D3 /* Carro.m */; };
		CEE2A6CD18862C4700457A71 /* Foundation.framework in Frameworks */ = {isa = PBXBuildFile; fileRef = CEE2A6CC18862C4700457A71 /* Foundation.framework */; };
		CEE2A6CF18862C4700457A71 /* CoreGraphics.framework in Frameworks */ = {isa = PBXBuildFile; fileRef = CEE2A6CE18862C4700457A71 /* CoreGraphics.framework */; };
		CEE2A6D118862C4700457A71 /* UIKit.framework in Frameworks */ = {isa = PBXBuildFile; fileRef = CEE2A6D018862C4700457A71 /* UIKit.framework */; };
		CEE2A6D318862C4700457A71 /* CoreData.framework in Frameworks */ = {isa = PBXBuildFile; fileRef = CEE2A6D218862C4700457A71 /* CoreData.framework */; };
		CEE2A6D918862C4700457A71 /* InfoPlist.strings in Resources */ = {isa = PBXBuildFile; fileRef = CEE2A6D718862C4700457A71 /* InfoPlist.strings */; };
		CEE2A6DB18862C4700457A71 /* main.m in Sources */ = {isa = PBXBuildFile; fileRef = CEE2A6DA18862C4700457A71 /* main.m */; };
		CEE2A6DF18862C4700457A71 /* AppDelegate.m in Sources */ = {isa = PBXBuildFile; fileRef = CEE2A6DE18862C4700457A71 /* AppDelegate.m */; };
		CEE2A6E218862C4700457A71 /* Main.storyboard in Resources */ = {isa = PBXBuildFile; fileRef = CEE2A6E018862C4700457A71 /* Main.storyboard */; };
		CEE2A6E518862C4700457A71 /* testRelation.xcdatamodeld in Sources */ = {isa = PBXBuildFile; fileRef = CEE2A6E318862C4700457A71 /* testRelation.xcdatamodeld */; };
		CEE2A6E818862C4700457A71 /* MasterViewController.m in Sources */ = {isa = PBXBuildFile; fileRef = CEE2A6E718862C4700457A71 /* MasterViewController.m */; };
		CEE2A6EB18862C4700457A71 /* DetailViewController.m in Sources */ = {isa = PBXBuildFile; fileRef = CEE2A6EA18862C4700457A71 /* DetailViewController.m */; };
		CEE2A6ED18862C4700457A71 /* Images.xcassets in Resources */ = {isa = PBXBuildFile; fileRef = CEE2A6EC18862C4700457A71 /* Images.xcassets */; };
		CEE2A6F418862C4700457A71 /* XCTest.framework in Frameworks */ = {isa = PBXBuildFile; fileRef = CEE2A6F318862C4700457A71 /* XCTest.framework */; };
		CEE2A6F518862C4700457A71 /* Foundation.framework in Frameworks */ = {isa = PBXBuildFile; fileRef = CEE2A6CC18862C4700457A71 /* Foundation.framework */; };
		CEE2A6F618862C4700457A71 /* UIKit.framework in Frameworks */ = {isa = PBXBuildFile; fileRef = CEE2A6D018862C4700457A71 /* UIKit.framework */; };
		CEE2A6F718862C4700457A71 /* CoreData.framework in Frameworks */ = {isa = PBXBuildFile; fileRef = CEE2A6D218862C4700457A71 /* CoreData.framework */; };
		CEE2A6FF18862C4700457A71 /* InfoPlist.strings in Resources */ = {isa = PBXBuildFile; fileRef = CEE2A6FD18862C4700457A71 /* InfoPlist.strings */; };
		CEE2A70118862C4700457A71 /* testRelationTests.m in Sources */ = {isa = PBXBuildFile; fileRef = CEE2A70018862C4700457A71 /* testRelationTests.m */; };
/* End PBXBuildFile section */

/* Begin PBXContainerItemProxy section */
		CEE2A6F818862C4700457A71 /* PBXContainerItemProxy */ = {
			isa = PBXContainerItemProxy;
			containerPortal = CEE2A6C118862C4700457A71 /* Project object */;
			proxyType = 1;
			remoteGlobalIDString = CEE2A6C818862C4700457A71;
			remoteInfo = testRelation;
		};
/* End PBXContainerItemProxy section */

/* Begin PBXFileReference section */
		CEA9DF64188D86700038C5D3 /* Cores.h */ = {isa = PBXFileReference; fileEncoding = 4; lastKnownFileType = sourcecode.c.h; path = Cores.h; sourceTree = "<group>"; };
		CEA9DF65188D86700038C5D3 /* Cores.m */ = {isa = PBXFileReference; fileEncoding = 4; lastKnownFileType = sourcecode.c.objc; path = Cores.m; sourceTree = "<group>"; };
		CEA9DF67188D86700038C5D3 /* Carro.h */ = {isa = PBXFileReference; fileEncoding = 4; lastKnownFileType = sourcecode.c.h; path = Carro.h; sourceTree = "<group>"; };
		CEA9DF68188D86700038C5D3 /* Carro.m */ = {isa = PBXFileReference; fileEncoding = 4; lastKnownFileType = sourcecode.c.objc; path = Carro.m; sourceTree = "<group>"; };
		CEE2A6C918862C4700457A71 /* testRelation.app */ = {isa = PBXFileReference; explicitFileType = wrapper.application; includeInIndex = 0; path = testRelation.app; sourceTree = BUILT_PRODUCTS_DIR; };
		CEE2A6CC18862C4700457A71 /* Foundation.framework */ = {isa = PBXFileReference; lastKnownFileType = wrapper.framework; name = Foundation.framework; path = System/Library/Frameworks/Foundation.framework; sourceTree = SDKROOT; };
		CEE2A6CE18862C4700457A71 /* CoreGraphics.framework */ = {isa = PBXFileReference; lastKnownFileType = wrapper.framework; name = CoreGraphics.framework; path = System/Library/Frameworks/CoreGraphics.framework; sourceTree = SDKROOT; };
		CEE2A6D018862C4700457A71 /* UIKit.framework */ = {isa = PBXFileReference; lastKnownFileType = wrapper.framework; name = UIKit.framework; path = System/Library/Frameworks/UIKit.framework; sourceTree = SDKROOT; };
		CEE2A6D218862C4700457A71 /* CoreData.framework */ = {isa = PBXFileReference; lastKnownFileType = wrapper.framework; name = CoreData.framework; path = System/Library/Frameworks/CoreData.framework; sourceTree = SDKROOT; };
		CEE2A6D618862C4700457A71 /* testRelation-Info.plist */ = {isa = PBXFileReference; lastKnownFileType = text.plist.xml; path = "testRelation-Info.plist"; sourceTree = "<group>"; };
		CEE2A6D818862C4700457A71 /* en */ = {isa = PBXFileReference; lastKnownFileType = text.plist.strings; name = en; path = en.lproj/InfoPlist.strings; sourceTree = "<group>"; };
		CEE2A6DA18862C4700457A71 /* main.m */ = {isa = PBXFileReference; lastKnownFileType = sourcecode.c.objc; path = main.m; sourceTree = "<group>"; };
		CEE2A6DC18862C4700457A71 /* testRelation-Prefix.pch */ = {isa = PBXFileReference; lastKnownFileType = sourcecode.c.h; path = "testRelation-Prefix.pch"; sourceTree = "<group>"; };
		CEE2A6DD18862C4700457A71 /* AppDelegate.h */ = {isa = PBXFileReference; lastKnownFileType = sourcecode.c.h; path = AppDelegate.h; sourceTree = "<group>"; };
		CEE2A6DE18862C4700457A71 /* AppDelegate.m */ = {isa = PBXFileReference; lastKnownFileType = sourcecode.c.objc; path = AppDelegate.m; sourceTree = "<group>"; };
		CEE2A6E118862C4700457A71 /* Base */ = {isa = PBXFileReference; lastKnownFileType = file.storyboard; name = Base; path = Base.lproj/Main.storyboard; sourceTree = "<group>"; };
		CEE2A6E418862C4700457A71 /* testRelation.xcdatamodel */ = {isa = PBXFileReference; lastKnownFileType = wrapper.xcdatamodel; path = testRelation.xcdatamodel; sourceTree = "<group>"; };
		CEE2A6E618862C4700457A71 /* MasterViewController.h */ = {isa = PBXFileReference; lastKnownFileType = sourcecode.c.h; path = MasterViewController.h; sourceTree = "<group>"; };
		CEE2A6E718862C4700457A71 /* MasterViewController.m */ = {isa = PBXFileReference; lastKnownFileType = sourcecode.c.objc; path = MasterViewController.m; sourceTree = "<group>"; };
		CEE2A6E918862C4700457A71 /* DetailViewController.h */ = {isa = PBXFileReference; lastKnownFileType = sourcecode.c.h; path = DetailViewController.h; sourceTree = "<group>"; };
		CEE2A6EA18862C4700457A71 /* DetailViewController.m */ = {isa = PBXFileReference; lastKnownFileType = sourcecode.c.objc; path = DetailViewController.m; sourceTree = "<group>"; };
		CEE2A6EC18862C4700457A71 /* Images.xcassets */ = {isa = PBXFileReference; lastKnownFileType = folder.assetcatalog; path = Images.xcassets; sourceTree = "<group>"; };
		CEE2A6F218862C4700457A71 /* testRelationTests.xctest */ = {isa = PBXFileReference; explicitFileType = wrapper.cfbundle; includeInIndex = 0; path = testRelationTests.xctest; sourceTree = BUILT_PRODUCTS_DIR; };
		CEE2A6F318862C4700457A71 /* XCTest.framework */ = {isa = PBXFileReference; lastKnownFileType = wrapper.framework; name = XCTest.framework; path = Library/Frameworks/XCTest.framework; sourceTree = DEVELOPER_DIR; };
		CEE2A6FC18862C4700457A71 /* testRelationTests-Info.plist */ = {isa = PBXFileReference; lastKnownFileType = text.plist.xml; path = "testRelationTests-Info.plist"; sourceTree = "<group>"; };
		CEE2A6FE18862C4700457A71 /* en */ = {isa = PBXFileReference; lastKnownFileType = text.plist.strings; name = en; path = en.lproj/InfoPlist.strings; sourceTree = "<group>"; };
		CEE2A70018862C4700457A71 /* testRelationTests.m */ = {isa = PBXFileReference; lastKnownFileType = sourcecode.c.objc; path = testRelationTests.m; sourceTree = "<group>"; };
/* End PBXFileReference section */

/* Begin PBXFrameworksBuildPhase section */
		CEE2A6C618862C4700457A71 /* Frameworks */ = {
			isa = PBXFrameworksBuildPhase;
			buildActionMask = 2147483647;
			files = (
				CEE2A6CF18862C4700457A71 /* CoreGraphics.framework in Frameworks */,
				CEE2A6D318862C4700457A71 /* CoreData.framework in Frameworks */,
				CEE2A6D118862C4700457A71 /* UIKit.framework in Frameworks */,
				CEE2A6CD18862C4700457A71 /* Foundation.framework in Frameworks */,
			);
			runOnlyForDeploymentPostprocessing = 0;
		};
		CEE2A6EF18862C4700457A71 /* Frameworks */ = {
			isa = PBXFrameworksBuildPhase;
			buildActionMask = 2147483647;
			files = (
				CEE2A6F418862C4700457A71 /* XCTest.framework in Frameworks */,
				CEE2A6F718862C4700457A71 /* CoreData.framework in Frameworks */,
				CEE2A6F618862C4700457A71 /* UIKit.framework in Frameworks */,
				CEE2A6F518862C4700457A71 /* Foundation.framework in Frameworks */,
			);
			runOnlyForDeploymentPostprocessing = 0;
		};
/* End PBXFrameworksBuildPhase section */

/* Begin PBXGroup section */
		CEE2A6C018862C4700457A71 = {
			isa = PBXGroup;
			children = (
				CEE2A6D418862C4700457A71 /* testRelation */,
				CEE2A6FA18862C4700457A71 /* testRelationTests */,
				CEE2A6CB18862C4700457A71 /* Frameworks */,
				CEE2A6CA18862C4700457A71 /* Products */,
			);
			sourceTree = "<group>";
		};
		CEE2A6CA18862C4700457A71 /* Products */ = {
			isa = PBXGroup;
			children = (
				CEE2A6C918862C4700457A71 /* testRelation.app */,
				CEE2A6F218862C4700457A71 /* testRelationTests.xctest */,
			);
			name = Products;
			sourceTree = "<group>";
		};
		CEE2A6CB18862C4700457A71 /* Frameworks */ = {
			isa = PBXGroup;
			children = (
				CEE2A6CC18862C4700457A71 /* Foundation.framework */,
				CEE2A6CE18862C4700457A71 /* CoreGraphics.framework */,
				CEE2A6D018862C4700457A71 /* UIKit.framework */,
				CEE2A6D218862C4700457A71 /* CoreData.framework */,
				CEE2A6F318862C4700457A71 /* XCTest.framework */,
			);
			name = Frameworks;
			sourceTree = "<group>";
		};
		CEE2A6D418862C4700457A71 /* testRelation */ = {
			isa = PBXGroup;
			children = (
				CEE2A6DD18862C4700457A71 /* AppDelegate.h */,
				CEE2A6DE18862C4700457A71 /* AppDelegate.m */,
				CEE2A6E018862C4700457A71 /* Main.storyboard */,
				CEE2A6E618862C4700457A71 /* MasterViewController.h */,
				CEE2A6E718862C4700457A71 /* MasterViewController.m */,
				CEE2A6E918862C4700457A71 /* DetailViewController.h */,
				CEE2A6EA18862C4700457A71 /* DetailViewController.m */,
				CEE2A6EC18862C4700457A71 /* Images.xcassets */,
				CEE2A6E318862C4700457A71 /* testRelation.xcdatamodeld */,
				CEE2A6D518862C4700457A71 /* Supporting Files */,
				CEA9DF67188D86700038C5D3 /* Carro.h */,
				CEA9DF68188D86700038C5D3 /* Carro.m */,
				CEA9DF64188D86700038C5D3 /* Cores.h */,
				CEA9DF65188D86700038C5D3 /* Cores.m */,
			);
			path = testRelation;
			sourceTree = "<group>";
		};
		CEE2A6D518862C4700457A71 /* Supporting Files */ = {
			isa = PBXGroup;
			children = (
				CEE2A6D618862C4700457A71 /* testRelation-Info.plist */,
				CEE2A6D718862C4700457A71 /* InfoPlist.strings */,
				CEE2A6DA18862C4700457A71 /* main.m */,
				CEE2A6DC18862C4700457A71 /* testRelation-Prefix.pch */,
			);
			name = "Supporting Files";
			sourceTree = "<group>";
		};
		CEE2A6FA18862C4700457A71 /* testRelationTests */ = {
			isa = PBXGroup;
			children = (
				CEE2A70018862C4700457A71 /* testRelationTests.m */,
				CEE2A6FB18862C4700457A71 /* Supporting Files */,
			);
			path = testRelationTests;
			sourceTree = "<group>";
		};
		CEE2A6FB18862C4700457A71 /* Supporting Files */ = {
			isa = PBXGroup;
			children = (
				CEE2A6FC18862C4700457A71 /* testRelationTests-Info.plist */,
				CEE2A6FD18862C4700457A71 /* InfoPlist.strings */,
			);
			name = "Supporting Files";
			sourceTree = "<group>";
		};
/* End PBXGroup section */

/* Begin PBXNativeTarget section */
		CEE2A6C818862C4700457A71 /* testRelation */ = {
			isa = PBXNativeTarget;
			buildConfigurationList = CEE2A70418862C4700457A71 /* Build configuration list for PBXNativeTarget "testRelation" */;
			buildPhases = (
				CEE2A6C518862C4700457A71 /* Sources */,
				CEE2A6C618862C4700457A71 /* Frameworks */,
				CEE2A6C718862C4700457A71 /* Resources */,
			);
			buildRules = (
			);
			dependencies = (
			);
			name = testRelation;
			productName = testRelation;
			productReference = CEE2A6C918862C4700457A71 /* testRelation.app */;
			productType = "com.apple.product-type.application";
		};
		CEE2A6F118862C4700457A71 /* testRelationTests */ = {
			isa = PBXNativeTarget;
			buildConfigurationList = CEE2A70718862C4700457A71 /* Build configuration list for PBXNativeTarget "testRelationTests" */;
			buildPhases = (
				CEE2A6EE18862C4700457A71 /* Sources */,
				CEE2A6EF18862C4700457A71 /* Frameworks */,
				CEE2A6F018862C4700457A71 /* Resources */,
			);
			buildRules = (
			);
			dependencies = (
				CEE2A6F918862C4700457A71 /* PBXTargetDependency */,
			);
			name = testRelationTests;
			productName = testRelationTests;
			productReference = CEE2A6F218862C4700457A71 /* testRelationTests.xctest */;
			productType = "com.apple.product-type.bundle.unit-test";
		};
/* End PBXNativeTarget section */

/* Begin PBXProject section */
		CEE2A6C118862C4700457A71 /* Project object */ = {
			isa = PBXProject;
			attributes = {
				LastUpgradeCheck = 0500;
				ORGANIZATIONNAME = User;
				TargetAttributes = {
					CEE2A6F118862C4700457A71 = {
						TestTargetID = CEE2A6C818862C4700457A71;
					};
				};
			};
			buildConfigurationList = CEE2A6C418862C4700457A71 /* Build configuration list for PBXProject "testRelation" */;
			compatibilityVersion = "Xcode 3.2";
			developmentRegion = English;
			hasScannedForEncodings = 0;
			knownRegions = (
				en,
				Base,
			);
			mainGroup = CEE2A6C018862C4700457A71;
			productRefGroup = CEE2A6CA18862C4700457A71 /* Products */;
			projectDirPath = "";
			projectRoot = "";
			targets = (
				CEE2A6C818862C4700457A71 /* testRelation */,
				CEE2A6F118862C4700457A71 /* testRelationTests */,
			);
		};
/* End PBXProject section */

/* Begin PBXResourcesBuildPhase section */
		CEE2A6C718862C4700457A71 /* Resources */ = {
			isa = PBXResourcesBuildPhase;
			buildActionMask = 2147483647;
			files = (
				CEE2A6ED18862C4700457A71 /* Images.xcassets in Resources */,
				CEE2A6D918862C4700457A71 /* InfoPlist.strings in Resources */,
				CEE2A6E218862C4700457A71 /* Main.storyboard in Resources */,
			);
			runOnlyForDeploymentPostprocessing = 0;
		};
		CEE2A6F018862C4700457A71 /* Resources */ = {
			isa = PBXResourcesBuildPhase;
			buildActionMask = 2147483647;
			files = (
				CEE2A6FF18862C4700457A71 /* InfoPlist.strings in Resources */,
			);
			runOnlyForDeploymentPostprocessing = 0;
		};
/* End PBXResourcesBuildPhase section */

/* Begin PBXSourcesBuildPhase section */
		CEE2A6C518862C4700457A71 /* Sources */ = {
			isa = PBXSourcesBuildPhase;
			buildActionMask = 2147483647;
			files = (
				CEA9DF66188D86700038C5D3 /* Cores.m in Sources */,
				CEE2A6EB18862C4700457A71 /* DetailViewController.m in Sources */,
				CEE2A6E818862C4700457A71 /* MasterViewController.m in Sources */,
				CEE2A6DF18862C4700457A71 /* AppDelegate.m in Sources */,
				CEE2A6E518862C4700457A71 /* testRelation.xcdatamodeld in Sources */,
				CEE2A6DB18862C4700457A71 /* main.m in Sources */,
				CEA9DF69188D86700038C5D3 /* Carro.m in Sources */,
			);
			runOnlyForDeploymentPostprocessing = 0;
		};
		CEE2A6EE18862C4700457A71 /* Sources */ = {
			isa = PBXSourcesBuildPhase;
			buildActionMask = 2147483647;
			files = (
				CEE2A70118862C4700457A71 /* testRelationTests.m in Sources */,
			);
			runOnlyForDeploymentPostprocessing = 0;
		};
/* End PBXSourcesBuildPhase section */

/* Begin PBXTargetDependency section */
		CEE2A6F918862C4700457A71 /* PBXTargetDependency */ = {
			isa = PBXTargetDependency;
			target = CEE2A6C818862C4700457A71 /* testRelation */;
			targetProxy = CEE2A6F818862C4700457A71 /* PBXContainerItemProxy */;
		};
/* End PBXTargetDependency section */

/* Begin PBXVariantGroup section */
		CEE2A6D718862C4700457A71 /* InfoPlist.strings */ = {
			isa = PBXVariantGroup;
			children = (
				CEE2A6D818862C4700457A71 /* en */,
			);
			name = InfoPlist.strings;
			sourceTree = "<group>";
		};
		CEE2A6E018862C4700457A71 /* Main.storyboard */ = {
			isa = PBXVariantGroup;
			children = (
				CEE2A6E118862C4700457A71 /* Base */,
			);
			name = Main.storyboard;
			sourceTree = "<group>";
		};
		CEE2A6FD18862C4700457A71 /* InfoPlist.strings */ = {
			isa = PBXVariantGroup;
			children = (
				CEE2A6FE18862C4700457A71 /* en */,
			);
			name = InfoPlist.strings;
			sourceTree = "<group>";
		};
/* End PBXVariantGroup section */

/* Begin XCBuildConfiguration section */
		CEE2A70218862C4700457A71 /* Debug */ = {
			isa = XCBuildConfiguration;
			buildSettings = {
				ALWAYS_SEARCH_USER_PATHS = NO;
				ARCHS = "$(ARCHS_STANDARD_INCLUDING_64_BIT)";
				CLANG_CXX_LANGUAGE_STANDARD = "gnu++0x";
				CLANG_CXX_LIBRARY = "libc++";
				CLANG_ENABLE_MODULES = YES;
				CLANG_ENABLE_OBJC_ARC = YES;
				CLANG_WARN_BOOL_CONVERSION = YES;
				CLANG_WARN_CONSTANT_CONVERSION = YES;
				CLANG_WARN_DIRECT_OBJC_ISA_USAGE = YES_ERROR;
				CLANG_WARN_EMPTY_BODY = YES;
				CLANG_WARN_ENUM_CONVERSION = YES;
				CLANG_WARN_INT_CONVERSION = YES;
				CLANG_WARN_OBJC_ROOT_CLASS = YES_ERROR;
				CLANG_WARN__DUPLICATE_METHOD_MATCH = YES;
				"CODE_SIGN_IDENTITY[sdk=iphoneos*]" = "iPhone Developer";
				COPY_PHASE_STRIP = NO;
				GCC_C_LANGUAGE_STANDARD = gnu99;
				GCC_DYNAMIC_NO_PIC = NO;
				GCC_OPTIMIZATION_LEVEL = 0;
				GCC_PREPROCESSOR_DEFINITIONS = (
					"DEBUG=1",
					"$(inherited)",
				);
				GCC_SYMBOLS_PRIVATE_EXTERN = NO;
				GCC_WARN_64_TO_32_BIT_CONVERSION = YES;
				GCC_WARN_ABOUT_RETURN_TYPE = YES_ERROR;
				GCC_WARN_UNDECLARED_SELECTOR = YES;
				GCC_WARN_UNINITIALIZED_AUTOS = YES;
				GCC_WARN_UNUSED_FUNCTION = YES;
				GCC_WARN_UNUSED_VARIABLE = YES;
				IPHONEOS_DEPLOYMENT_TARGET = 7.0;
				ONLY_ACTIVE_ARCH = YES;
				SDKROOT = iphoneos;
				TARGETED_DEVICE_FAMILY = 2;
			};
			name = Debug;
		};
		CEE2A70318862C4700457A71 /* Release */ = {
			isa = XCBuildConfiguration;
			buildSettings = {
				ALWAYS_SEARCH_USER_PATHS = NO;
				ARCHS = "$(ARCHS_STANDARD_INCLUDING_64_BIT)";
				CLANG_CXX_LANGUAGE_STANDARD = "gnu++0x";
				CLANG_CXX_LIBRARY = "libc++";
				CLANG_ENABLE_MODULES = YES;
				CLANG_ENABLE_OBJC_ARC = YES;
				CLANG_WARN_BOOL_CONVERSION = YES;
				CLANG_WARN_CONSTANT_CONVERSION = YES;
				CLANG_WARN_DIRECT_OBJC_ISA_USAGE = YES_ERROR;
				CLANG_WARN_EMPTY_BODY = YES;
				CLANG_WARN_ENUM_CONVERSION = YES;
				CLANG_WARN_INT_CONVERSION = YES;
				CLANG_WARN_OBJC_ROOT_CLASS = YES_ERROR;
				CLANG_WARN__DUPLICATE_METHOD_MATCH = YES;
				"CODE_SIGN_IDENTITY[sdk=iphoneos*]" = "iPhone Developer";
				COPY_PHASE_STRIP = YES;
				ENABLE_NS_ASSERTIONS = NO;
				GCC_C_LANGUAGE_STANDARD = gnu99;
				GCC_WARN_64_TO_32_BIT_CONVERSION = YES;
				GCC_WARN_ABOUT_RETURN_TYPE = YES_ERROR;
				GCC_WARN_UNDECLARED_SELECTOR = YES;
				GCC_WARN_UNINITIALIZED_AUTOS = YES;
				GCC_WARN_UNUSED_FUNCTION = YES;
				GCC_WARN_UNUSED_VARIABLE = YES;
				IPHONEOS_DEPLOYMENT_TARGET = 7.0;
				SDKROOT = iphoneos;
				TARGETED_DEVICE_FAMILY = 2;
				VALIDATE_PRODUCT = YES;
			};
			name = Release;
		};
		CEE2A70518862C4700457A71 /* Debug */ = {
			isa = XCBuildConfiguration;
			buildSettings = {
				ASSETCATALOG_COMPILER_APPICON_NAME = AppIcon;
				ASSETCATALOG_COMPILER_LAUNCHIMAGE_NAME = LaunchImage;
				GCC_PRECOMPILE_PREFIX_HEADER = YES;
				GCC_PREFIX_HEADER = "testRelation/testRelation-Prefix.pch";
				INFOPLIST_FILE = "testRelation/testRelation-Info.plist";
				PRODUCT_NAME = "$(TARGET_NAME)";
				WRAPPER_EXTENSION = app;
			};
			name = Debug;
		};
		CEE2A70618862C4700457A71 /* Release */ = {
			isa = XCBuildConfiguration;
			buildSettings = {
				ASSETCATALOG_COMPILER_APPICON_NAME = AppIcon;
				ASSETCATALOG_COMPILER_LAUNCHIMAGE_NAME = LaunchImage;
				GCC_PRECOMPILE_PREFIX_HEADER = YES;
				GCC_PREFIX_HEADER = "testRelation/testRelation-Prefix.pch";
				INFOPLIST_FILE = "testRelation/testRelation-Info.plist";
				PRODUCT_NAME = "$(TARGET_NAME)";
				WRAPPER_EXTENSION = app;
			};
			name = Release;
		};
		CEE2A70818862C4700457A71 /* Debug */ = {
			isa = XCBuildConfiguration;
			buildSettings = {
				ARCHS = "$(ARCHS_STANDARD_INCLUDING_64_BIT)";
				BUNDLE_LOADER = "$(BUILT_PRODUCTS_DIR)/testRelation.app/testRelation";
				FRAMEWORK_SEARCH_PATHS = (
					"$(SDKROOT)/Developer/Library/Frameworks",
					"$(inherited)",
					"$(DEVELOPER_FRAMEWORKS_DIR)",
				);
				GCC_PRECOMPILE_PREFIX_HEADER = YES;
				GCC_PREFIX_HEADER = "testRelation/testRelation-Prefix.pch";
				GCC_PREPROCESSOR_DEFINITIONS = (
					"DEBUG=1",
					"$(inherited)",
				);
				INFOPLIST_FILE = "testRelationTests/testRelationTests-Info.plist";
				PRODUCT_NAME = "$(TARGET_NAME)";
				TEST_HOST = "$(BUNDLE_LOADER)";
				WRAPPER_EXTENSION = xctest;
			};
			name = Debug;
		};
		CEE2A70918862C4700457A71 /* Release */ = {
			isa = XCBuildConfiguration;
			buildSettings = {
				ARCHS = "$(ARCHS_STANDARD_INCLUDING_64_BIT)";
				BUNDLE_LOADER = "$(BUILT_PRODUCTS_DIR)/testRelation.app/testRelation";
				FRAMEWORK_SEARCH_PATHS = (
					"$(SDKROOT)/Developer/Library/Frameworks",
					"$(inherited)",
					"$(DEVELOPER_FRAMEWORKS_DIR)",
				);
				GCC_PRECOMPILE_PREFIX_HEADER = YES;
				GCC_PREFIX_HEADER = "testRelation/testRelation-Prefix.pch";
				INFOPLIST_FILE = "testRelationTests/testRelationTests-Info.plist";
				PRODUCT_NAME = "$(TARGET_NAME)";
				TEST_HOST = "$(BUNDLE_LOADER)";
				WRAPPER_EXTENSION = xctest;
			};
			name = Release;
		};
/* End XCBuildConfiguration section */

/* Begin XCConfigurationList section */
		CEE2A6C418862C4700457A71 /* Build configuration list for PBXProject "testRelation" */ = {
			isa = XCConfigurationList;
			buildConfigurations = (
				CEE2A70218862C4700457A71 /* Debug */,
				CEE2A70318862C4700457A71 /* Release */,
			);
			defaultConfigurationIsVisible = 0;
			defaultConfigurationName = Release;
		};
		CEE2A70418862C4700457A71 /* Build configuration list for PBXNativeTarget "testRelation" */ = {
			isa = XCConfigurationList;
			buildConfigurations = (
				CEE2A70518862C4700457A71 /* Debug */,
				CEE2A70618862C4700457A71 /* Release */,
			);
			defaultConfigurationIsVisible = 0;
			defaultConfigurationName = Release;
		};
		CEE2A70718862C4700457A71 /* Build configuration list for PBXNativeTarget "testRelationTests" */ = {
			isa = XCConfigurationList;
			buildConfigurations = (
				CEE2A70818862C4700457A71 /* Debug */,
				CEE2A70918862C4700457A71 /* Release */,
			);
			defaultConfigurationIsVisible = 0;
			defaultConfigurationName = Release;
		};
/* End XCConfigurationList section */

/* Begin XCVersionGroup section */
		CEE2A6E318862C4700457A71 /* testRelation.xcdatamodeld */ = {
			isa = XCVersionGroup;
			children = (
				CEE2A6E418862C4700457A71 /* testRelation.xcdatamodel */,
			);
			currentVersion = CEE2A6E418862C4700457A71 /* testRelation.xcdatamodel */;
			path = testRelation.xcdatamodeld;
			sourceTree = "<group>";
			versionGroupType = wrapper.xcdatamodel;
		};
/* End XCVersionGroup section */
	};
	rootObject = CEE2A6C118862C4700457A71 /* Project object */;
}
