// !$*UTF8*$!
{
	archiveVersion = 1;
	classes = {
	};
	objectVersion = 46;
	objects = {

/* Begin PBXBuildFile section */
		CEB564B217B496F1007130FC /* main.cpp in Sources */ = {isa = PBXBuildFile; fileRef = CEB564B117B496F1007130FC /* main.cpp */; };
		CEB564B417B496F1007130FC /* candy.1 in CopyFiles */ = {isa = PBXBuildFile; fileRef = CEB564B317B496F1007130FC /* candy.1 */; };
/* End PBXBuildFile section */

/* Begin PBXCopyFilesBuildPhase section */
		CEB564AC17B496F1007130FC /* CopyFiles */ = {
			isa = PBXCopyFilesBuildPhase;
			buildActionMask = 2147483647;
			dstPath = /usr/share/man/man1/;
			dstSubfolderSpec = 0;
			files = (
				CEB564B417B496F1007130FC /* candy.1 in CopyFiles */,
			);
			runOnlyForDeploymentPostprocessing = 1;
		};
/* End PBXCopyFilesBuildPhase section */

/* Begin PBXFileReference section */
		CEB564AE17B496F1007130FC /* candy */ = {isa = PBXFileReference; explicitFileType = "compiled.mach-o.executable"; includeInIndex = 0; path = candy; sourceTree = BUILT_PRODUCTS_DIR; };
		CEB564B117B496F1007130FC /* main.cpp */ = {isa = PBXFileReference; lastKnownFileType = sourcecode.cpp.cpp; path = main.cpp; sourceTree = "<group>"; };
		CEB564B317B496F1007130FC /* candy.1 */ = {isa = PBXFileReference; lastKnownFileType = text.man; path = candy.1; sourceTree = "<group>"; };
/* End PBXFileReference section */

/* Begin PBXFrameworksBuildPhase section */
		CEB564AB17B496F1007130FC /* Frameworks */ = {
			isa = PBXFrameworksBuildPhase;
			buildActionMask = 2147483647;
			files = (
			);
			runOnlyForDeploymentPostprocessing = 0;
		};
/* End PBXFrameworksBuildPhase section */

/* Begin PBXGroup section */
		CEB564A517B496F1007130FC = {
			isa = PBXGroup;
			children = (
				CEB564B017B496F1007130FC /* candy */,
				CEB564AF17B496F1007130FC /* Products */,
			);
			sourceTree = "<group>";
		};
		CEB564AF17B496F1007130FC /* Products */ = {
			isa = PBXGroup;
			children = (
				CEB564AE17B496F1007130FC /* candy */,
			);
			name = Products;
			sourceTree = "<group>";
		};
		CEB564B017B496F1007130FC /* candy */ = {
			isa = PBXGroup;
			children = (
				CEB564B117B496F1007130FC /* main.cpp */,
				CEB564B317B496F1007130FC /* candy.1 */,
			);
			path = candy;
			sourceTree = "<group>";
		};
/* End PBXGroup section */

/* Begin PBXNativeTarget section */
		CEB564AD17B496F1007130FC /* candy */ = {
			isa = PBXNativeTarget;
			buildConfigurationList = CEB564B717B496F1007130FC /* Build configuration list for PBXNativeTarget "candy" */;
			buildPhases = (
				CEB564AA17B496F1007130FC /* Sources */,
				CEB564AB17B496F1007130FC /* Frameworks */,
				CEB564AC17B496F1007130FC /* CopyFiles */,
			);
			buildRules = (
			);
			dependencies = (
			);
			name = candy;
			productName = candy;
			productReference = CEB564AE17B496F1007130FC /* candy */;
			productType = "com.apple.product-type.tool";
		};
/* End PBXNativeTarget section */

/* Begin PBXProject section */
		CEB564A617B496F1007130FC /* Project object */ = {
			isa = PBXProject;
			attributes = {
				LastUpgradeCheck = 0460;
				ORGANIZATIONNAME = User;
			};
			buildConfigurationList = CEB564A917B496F1007130FC /* Build configuration list for PBXProject "candy" */;
			compatibilityVersion = "Xcode 3.2";
			developmentRegion = English;
			hasScannedForEncodings = 0;
			knownRegions = (
				en,
			);
			mainGroup = CEB564A517B496F1007130FC;
			productRefGroup = CEB564AF17B496F1007130FC /* Products */;
			projectDirPath = "";
			projectRoot = "";
			targets = (
				CEB564AD17B496F1007130FC /* candy */,
			);
		};
/* End PBXProject section */

/* Begin PBXSourcesBuildPhase section */
		CEB564AA17B496F1007130FC /* Sources */ = {
			isa = PBXSourcesBuildPhase;
			buildActionMask = 2147483647;
			files = (
				CEB564B217B496F1007130FC /* main.cpp in Sources */,
			);
			runOnlyForDeploymentPostprocessing = 0;
		};
/* End PBXSourcesBuildPhase section */

/* Begin XCBuildConfiguration section */
		CEB564B517B496F1007130FC /* Debug */ = {
			isa = XCBuildConfiguration;
			buildSettings = {
				ALWAYS_SEARCH_USER_PATHS = NO;
				ARCHS = "$(ARCHS_STANDARD_64_BIT)";
				CLANG_CXX_LANGUAGE_STANDARD = "gnu++0x";
				CLANG_CXX_LIBRARY = "libc++";
				CLANG_WARN_CONSTANT_CONVERSION = YES;
				CLANG_WARN_EMPTY_BODY = YES;
				CLANG_WARN_ENUM_CONVERSION = YES;
				CLANG_WARN_INT_CONVERSION = YES;
				CLANG_WARN__DUPLICATE_METHOD_MATCH = YES;
				COPY_PHASE_STRIP = NO;
				GCC_C_LANGUAGE_STANDARD = gnu99;
				GCC_DYNAMIC_NO_PIC = NO;
				GCC_ENABLE_OBJC_EXCEPTIONS = YES;
				GCC_OPTIMIZATION_LEVEL = 0;
				GCC_PREPROCESSOR_DEFINITIONS = (
					"DEBUG=1",
					"$(inherited)",
				);
				GCC_SYMBOLS_PRIVATE_EXTERN = NO;
				GCC_WARN_64_TO_32_BIT_CONVERSION = YES;
				GCC_WARN_ABOUT_RETURN_TYPE = YES;
				GCC_WARN_UNINITIALIZED_AUTOS = YES;
				GCC_WARN_UNUSED_VARIABLE = YES;
				MACOSX_DEPLOYMENT_TARGET = 10.8;
				ONLY_ACTIVE_ARCH = YES;
				SDKROOT = macosx;
			};
			name = Debug;
		};
		CEB564B617B496F1007130FC /* Release */ = {
			isa = XCBuildConfiguration;
			buildSettings = {
				ALWAYS_SEARCH_USER_PATHS = NO;
				ARCHS = "$(ARCHS_STANDARD_64_BIT)";
				CLANG_CXX_LANGUAGE_STANDARD = "gnu++0x";
				CLANG_CXX_LIBRARY = "libc++";
				CLANG_WARN_CONSTANT_CONVERSION = YES;
				CLANG_WARN_EMPTY_BODY = YES;
				CLANG_WARN_ENUM_CONVERSION = YES;
				CLANG_WARN_INT_CONVERSION = YES;
				CLANG_WARN__DUPLICATE_METHOD_MATCH = YES;
				COPY_PHASE_STRIP = YES;
				DEBUG_INFORMATION_FORMAT = "dwarf-with-dsym";
				GCC_C_LANGUAGE_STANDARD = gnu99;
				GCC_ENABLE_OBJC_EXCEPTIONS = YES;
				GCC_WARN_64_TO_32_BIT_CONVERSION = YES;
				GCC_WARN_ABOUT_RETURN_TYPE = YES;
				GCC_WARN_UNINITIALIZED_AUTOS = YES;
				GCC_WARN_UNUSED_VARIABLE = YES;
				MACOSX_DEPLOYMENT_TARGET = 10.8;
				SDKROOT = macosx;
			};
			name = Release;
		};
		CEB564B817B496F1007130FC /* Debug */ = {
			isa = XCBuildConfiguration;
			buildSettings = {
				PRODUCT_NAME = "$(TARGET_NAME)";
			};
			name = Debug;
		};
		CEB564B917B496F1007130FC /* Release */ = {
			isa = XCBuildConfiguration;
			buildSettings = {
				PRODUCT_NAME = "$(TARGET_NAME)";
			};
			name = Release;
		};
/* End XCBuildConfiguration section */

/* Begin XCConfigurationList section */
		CEB564A917B496F1007130FC /* Build configuration list for PBXProject "candy" */ = {
			isa = XCConfigurationList;
			buildConfigurations = (
				CEB564B517B496F1007130FC /* Debug */,
				CEB564B617B496F1007130FC /* Release */,
			);
			defaultConfigurationIsVisible = 0;
			defaultConfigurationName = Release;
		};
		CEB564B717B496F1007130FC /* Build configuration list for PBXNativeTarget "candy" */ = {
			isa = XCConfigurationList;
			buildConfigurations = (
				CEB564B817B496F1007130FC /* Debug */,
				CEB564B917B496F1007130FC /* Release */,
			);
			defaultConfigurationIsVisible = 0;
		};
/* End XCConfigurationList section */
	};
	rootObject = CEB564A617B496F1007130FC /* Project object */;
}
