// !$*UTF8*$!
{
	archiveVersion = 1;
	classes = {
	};
	objectVersion = 46;
	objects = {

/* Begin PBXBuildFile section */
		CEFA98CA17DB08C500E5EC94 /* Foundation.framework in Frameworks */ = {isa = PBXBuildFile; fileRef = CEFA98C917DB08C500E5EC94 /* Foundation.framework */; };
		CEFA98CC17DB08C500E5EC94 /* CoreGraphics.framework in Frameworks */ = {isa = PBXBuildFile; fileRef = CEFA98CB17DB08C500E5EC94 /* CoreGraphics.framework */; };
		CEFA98CE17DB08C500E5EC94 /* UIKit.framework in Frameworks */ = {isa = PBXBuildFile; fileRef = CEFA98CD17DB08C500E5EC94 /* UIKit.framework */; };
		CEFA98D417DB08C500E5EC94 /* InfoPlist.strings in Resources */ = {isa = PBXBuildFile; fileRef = CEFA98D217DB08C500E5EC94 /* InfoPlist.strings */; };
		CEFA98D617DB08C500E5EC94 /* main.m in Sources */ = {isa = PBXBuildFile; fileRef = CEFA98D517DB08C500E5EC94 /* main.m */; };
		CEFA98DA17DB08C500E5EC94 /* AppDelegate.m in Sources */ = {isa = PBXBuildFile; fileRef = CEFA98D917DB08C500E5EC94 /* AppDelegate.m */; };
		CEFA98DD17DB08C500E5EC94 /* Main.storyboard in Resources */ = {isa = PBXBuildFile; fileRef = CEFA98DB17DB08C500E5EC94 /* Main.storyboard */; };
		CEFA98E017DB08C500E5EC94 /* ViewController.m in Sources */ = {isa = PBXBuildFile; fileRef = CEFA98DF17DB08C500E5EC94 /* ViewController.m */; };
		CEFA98E217DB08C600E5EC94 /* Images.xcassets in Resources */ = {isa = PBXBuildFile; fileRef = CEFA98E117DB08C600E5EC94 /* Images.xcassets */; };
		CEFA98E917DB08C600E5EC94 /* XCTest.framework in Frameworks */ = {isa = PBXBuildFile; fileRef = CEFA98E817DB08C600E5EC94 /* XCTest.framework */; };
		CEFA98EA17DB08C600E5EC94 /* Foundation.framework in Frameworks */ = {isa = PBXBuildFile; fileRef = CEFA98C917DB08C500E5EC94 /* Foundation.framework */; };
		CEFA98EB17DB08C600E5EC94 /* UIKit.framework in Frameworks */ = {isa = PBXBuildFile; fileRef = CEFA98CD17DB08C500E5EC94 /* UIKit.framework */; };
		CEFA98F317DB08C600E5EC94 /* InfoPlist.strings in Resources */ = {isa = PBXBuildFile; fileRef = CEFA98F117DB08C600E5EC94 /* InfoPlist.strings */; };
		CEFA98F517DB08C600E5EC94 /* sevenTests.m in Sources */ = {isa = PBXBuildFile; fileRef = CEFA98F417DB08C600E5EC94 /* sevenTests.m */; };
/* End PBXBuildFile section */

/* Begin PBXContainerItemProxy section */
		CEFA98EC17DB08C600E5EC94 /* PBXContainerItemProxy */ = {
			isa = PBXContainerItemProxy;
			containerPortal = CEFA98BE17DB08C500E5EC94 /* Project object */;
			proxyType = 1;
			remoteGlobalIDString = CEFA98C517DB08C500E5EC94;
			remoteInfo = seven;
		};
/* End PBXContainerItemProxy section */

/* Begin PBXFileReference section */
		CEFA98C617DB08C500E5EC94 /* seven.app */ = {isa = PBXFileReference; explicitFileType = wrapper.application; includeInIndex = 0; path = seven.app; sourceTree = BUILT_PRODUCTS_DIR; };
		CEFA98C917DB08C500E5EC94 /* Foundation.framework */ = {isa = PBXFileReference; lastKnownFileType = wrapper.framework; name = Foundation.framework; path = System/Library/Frameworks/Foundation.framework; sourceTree = SDKROOT; };
		CEFA98CB17DB08C500E5EC94 /* CoreGraphics.framework */ = {isa = PBXFileReference; lastKnownFileType = wrapper.framework; name = CoreGraphics.framework; path = System/Library/Frameworks/CoreGraphics.framework; sourceTree = SDKROOT; };
		CEFA98CD17DB08C500E5EC94 /* UIKit.framework */ = {isa = PBXFileReference; lastKnownFileType = wrapper.framework; name = UIKit.framework; path = System/Library/Frameworks/UIKit.framework; sourceTree = SDKROOT; };
		CEFA98D117DB08C500E5EC94 /* seven-Info.plist */ = {isa = PBXFileReference; lastKnownFileType = text.plist.xml; path = "seven-Info.plist"; sourceTree = "<group>"; };
		CEFA98D317DB08C500E5EC94 /* en */ = {isa = PBXFileReference; lastKnownFileType = text.plist.strings; name = en; path = en.lproj/InfoPlist.strings; sourceTree = "<group>"; };
		CEFA98D517DB08C500E5EC94 /* main.m */ = {isa = PBXFileReference; lastKnownFileType = sourcecode.c.objc; path = main.m; sourceTree = "<group>"; };
		CEFA98D717DB08C500E5EC94 /* seven-Prefix.pch */ = {isa = PBXFileReference; lastKnownFileType = sourcecode.c.h; path = "seven-Prefix.pch"; sourceTree = "<group>"; };
		CEFA98D817DB08C500E5EC94 /* AppDelegate.h */ = {isa = PBXFileReference; lastKnownFileType = sourcecode.c.h; path = AppDelegate.h; sourceTree = "<group>"; };
		CEFA98D917DB08C500E5EC94 /* AppDelegate.m */ = {isa = PBXFileReference; lastKnownFileType = sourcecode.c.objc; path = AppDelegate.m; sourceTree = "<group>"; };
		CEFA98DC17DB08C500E5EC94 /* Base */ = {isa = PBXFileReference; lastKnownFileType = file.storyboard; name = Base; path = Base.lproj/Main.storyboard; sourceTree = "<group>"; };
		CEFA98DE17DB08C500E5EC94 /* ViewController.h */ = {isa = PBXFileReference; lastKnownFileType = sourcecode.c.h; path = ViewController.h; sourceTree = "<group>"; };
		CEFA98DF17DB08C500E5EC94 /* ViewController.m */ = {isa = PBXFileReference; lastKnownFileType = sourcecode.c.objc; path = ViewController.m; sourceTree = "<group>"; };
		CEFA98E117DB08C600E5EC94 /* Images.xcassets */ = {isa = PBXFileReference; lastKnownFileType = folder.assetcatalog; path = Images.xcassets; sourceTree = "<group>"; };
		CEFA98E717DB08C600E5EC94 /* sevenTests.xctest */ = {isa = PBXFileReference; explicitFileType = wrapper.cfbundle; includeInIndex = 0; path = sevenTests.xctest; sourceTree = BUILT_PRODUCTS_DIR; };
		CEFA98E817DB08C600E5EC94 /* XCTest.framework */ = {isa = PBXFileReference; lastKnownFileType = wrapper.framework; name = XCTest.framework; path = Library/Frameworks/XCTest.framework; sourceTree = DEVELOPER_DIR; };
		CEFA98F017DB08C600E5EC94 /* sevenTests-Info.plist */ = {isa = PBXFileReference; lastKnownFileType = text.plist.xml; path = "sevenTests-Info.plist"; sourceTree = "<group>"; };
		CEFA98F217DB08C600E5EC94 /* en */ = {isa = PBXFileReference; lastKnownFileType = text.plist.strings; name = en; path = en.lproj/InfoPlist.strings; sourceTree = "<group>"; };
		CEFA98F417DB08C600E5EC94 /* sevenTests.m */ = {isa = PBXFileReference; lastKnownFileType = sourcecode.c.objc; path = sevenTests.m; sourceTree = "<group>"; };
/* End PBXFileReference section */

/* Begin PBXFrameworksBuildPhase section */
		CEFA98C317DB08C500E5EC94 /* Frameworks */ = {
			isa = PBXFrameworksBuildPhase;
			buildActionMask = 2147483647;
			files = (
				CEFA98CC17DB08C500E5EC94 /* CoreGraphics.framework in Frameworks */,
				CEFA98CE17DB08C500E5EC94 /* UIKit.framework in Frameworks */,
				CEFA98CA17DB08C500E5EC94 /* Foundation.framework in Frameworks */,
			);
			runOnlyForDeploymentPostprocessing = 0;
		};
		CEFA98E417DB08C600E5EC94 /* Frameworks */ = {
			isa = PBXFrameworksBuildPhase;
			buildActionMask = 2147483647;
			files = (
				CEFA98E917DB08C600E5EC94 /* XCTest.framework in Frameworks */,
				CEFA98EB17DB08C600E5EC94 /* UIKit.framework in Frameworks */,
				CEFA98EA17DB08C600E5EC94 /* Foundation.framework in Frameworks */,
			);
			runOnlyForDeploymentPostprocessing = 0;
		};
/* End PBXFrameworksBuildPhase section */

/* Begin PBXGroup section */
		CEFA98BD17DB08C500E5EC94 = {
			isa = PBXGroup;
			children = (
				CEFA98CF17DB08C500E5EC94 /* seven */,
				CEFA98EE17DB08C600E5EC94 /* sevenTests */,
				CEFA98C817DB08C500E5EC94 /* Frameworks */,
				CEFA98C717DB08C500E5EC94 /* Products */,
			);
			sourceTree = "<group>";
		};
		CEFA98C717DB08C500E5EC94 /* Products */ = {
			isa = PBXGroup;
			children = (
				CEFA98C617DB08C500E5EC94 /* seven.app */,
				CEFA98E717DB08C600E5EC94 /* sevenTests.xctest */,
			);
			name = Products;
			sourceTree = "<group>";
		};
		CEFA98C817DB08C500E5EC94 /* Frameworks */ = {
			isa = PBXGroup;
			children = (
				CEFA98C917DB08C500E5EC94 /* Foundation.framework */,
				CEFA98CB17DB08C500E5EC94 /* CoreGraphics.framework */,
				CEFA98CD17DB08C500E5EC94 /* UIKit.framework */,
				CEFA98E817DB08C600E5EC94 /* XCTest.framework */,
			);
			name = Frameworks;
			sourceTree = "<group>";
		};
		CEFA98CF17DB08C500E5EC94 /* seven */ = {
			isa = PBXGroup;
			children = (
				CEFA98D817DB08C500E5EC94 /* AppDelegate.h */,
				CEFA98D917DB08C500E5EC94 /* AppDelegate.m */,
				CEFA98DB17DB08C500E5EC94 /* Main.storyboard */,
				CEFA98DE17DB08C500E5EC94 /* ViewController.h */,
				CEFA98DF17DB08C500E5EC94 /* ViewController.m */,
				CEFA98E117DB08C600E5EC94 /* Images.xcassets */,
				CEFA98D017DB08C500E5EC94 /* Supporting Files */,
			);
			path = seven;
			sourceTree = "<group>";
		};
		CEFA98D017DB08C500E5EC94 /* Supporting Files */ = {
			isa = PBXGroup;
			children = (
				CEFA98D117DB08C500E5EC94 /* seven-Info.plist */,
				CEFA98D217DB08C500E5EC94 /* InfoPlist.strings */,
				CEFA98D517DB08C500E5EC94 /* main.m */,
				CEFA98D717DB08C500E5EC94 /* seven-Prefix.pch */,
			);
			name = "Supporting Files";
			sourceTree = "<group>";
		};
		CEFA98EE17DB08C600E5EC94 /* sevenTests */ = {
			isa = PBXGroup;
			children = (
				CEFA98F417DB08C600E5EC94 /* sevenTests.m */,
				CEFA98EF17DB08C600E5EC94 /* Supporting Files */,
			);
			path = sevenTests;
			sourceTree = "<group>";
		};
		CEFA98EF17DB08C600E5EC94 /* Supporting Files */ = {
			isa = PBXGroup;
			children = (
				CEFA98F017DB08C600E5EC94 /* sevenTests-Info.plist */,
				CEFA98F117DB08C600E5EC94 /* InfoPlist.strings */,
			);
			name = "Supporting Files";
			sourceTree = "<group>";
		};
/* End PBXGroup section */

/* Begin PBXNativeTarget section */
		CEFA98C517DB08C500E5EC94 /* seven */ = {
			isa = PBXNativeTarget;
			buildConfigurationList = CEFA98F817DB08C600E5EC94 /* Build configuration list for PBXNativeTarget "seven" */;
			buildPhases = (
				CEFA98C217DB08C500E5EC94 /* Sources */,
				CEFA98C317DB08C500E5EC94 /* Frameworks */,
				CEFA98C417DB08C500E5EC94 /* Resources */,
			);
			buildRules = (
			);
			dependencies = (
			);
			name = seven;
			productName = seven;
			productReference = CEFA98C617DB08C500E5EC94 /* seven.app */;
			productType = "com.apple.product-type.application";
		};
		CEFA98E617DB08C600E5EC94 /* sevenTests */ = {
			isa = PBXNativeTarget;
			buildConfigurationList = CEFA98FB17DB08C600E5EC94 /* Build configuration list for PBXNativeTarget "sevenTests" */;
			buildPhases = (
				CEFA98E317DB08C600E5EC94 /* Sources */,
				CEFA98E417DB08C600E5EC94 /* Frameworks */,
				CEFA98E517DB08C600E5EC94 /* Resources */,
			);
			buildRules = (
			);
			dependencies = (
				CEFA98ED17DB08C600E5EC94 /* PBXTargetDependency */,
			);
			name = sevenTests;
			productName = sevenTests;
			productReference = CEFA98E717DB08C600E5EC94 /* sevenTests.xctest */;
			productType = "com.apple.product-type.bundle.unit-test";
		};
/* End PBXNativeTarget section */

/* Begin PBXProject section */
		CEFA98BE17DB08C500E5EC94 /* Project object */ = {
			isa = PBXProject;
			attributes = {
				LastUpgradeCheck = 0500;
				ORGANIZATIONNAME = User;
				TargetAttributes = {
					CEFA98E617DB08C600E5EC94 = {
						TestTargetID = CEFA98C517DB08C500E5EC94;
					};
				};
			};
			buildConfigurationList = CEFA98C117DB08C500E5EC94 /* Build configuration list for PBXProject "seven" */;
			compatibilityVersion = "Xcode 3.2";
			developmentRegion = English;
			hasScannedForEncodings = 0;
			knownRegions = (
				en,
				Base,
			);
			mainGroup = CEFA98BD17DB08C500E5EC94;
			productRefGroup = CEFA98C717DB08C500E5EC94 /* Products */;
			projectDirPath = "";
			projectRoot = "";
			targets = (
				CEFA98C517DB08C500E5EC94 /* seven */,
				CEFA98E617DB08C600E5EC94 /* sevenTests */,
			);
		};
/* End PBXProject section */

/* Begin PBXResourcesBuildPhase section */
		CEFA98C417DB08C500E5EC94 /* Resources */ = {
			isa = PBXResourcesBuildPhase;
			buildActionMask = 2147483647;
			files = (
				CEFA98E217DB08C600E5EC94 /* Images.xcassets in Resources */,
				CEFA98D417DB08C500E5EC94 /* InfoPlist.strings in Resources */,
				CEFA98DD17DB08C500E5EC94 /* Main.storyboard in Resources */,
			);
			runOnlyForDeploymentPostprocessing = 0;
		};
		CEFA98E517DB08C600E5EC94 /* Resources */ = {
			isa = PBXResourcesBuildPhase;
			buildActionMask = 2147483647;
			files = (
				CEFA98F317DB08C600E5EC94 /* InfoPlist.strings in Resources */,
			);
			runOnlyForDeploymentPostprocessing = 0;
		};
/* End PBXResourcesBuildPhase section */

/* Begin PBXSourcesBuildPhase section */
		CEFA98C217DB08C500E5EC94 /* Sources */ = {
			isa = PBXSourcesBuildPhase;
			buildActionMask = 2147483647;
			files = (
				CEFA98E017DB08C500E5EC94 /* ViewController.m in Sources */,
				CEFA98DA17DB08C500E5EC94 /* AppDelegate.m in Sources */,
				CEFA98D617DB08C500E5EC94 /* main.m in Sources */,
			);
			runOnlyForDeploymentPostprocessing = 0;
		};
		CEFA98E317DB08C600E5EC94 /* Sources */ = {
			isa = PBXSourcesBuildPhase;
			buildActionMask = 2147483647;
			files = (
				CEFA98F517DB08C600E5EC94 /* sevenTests.m in Sources */,
			);
			runOnlyForDeploymentPostprocessing = 0;
		};
/* End PBXSourcesBuildPhase section */

/* Begin PBXTargetDependency section */
		CEFA98ED17DB08C600E5EC94 /* PBXTargetDependency */ = {
			isa = PBXTargetDependency;
			target = CEFA98C517DB08C500E5EC94 /* seven */;
			targetProxy = CEFA98EC17DB08C600E5EC94 /* PBXContainerItemProxy */;
		};
/* End PBXTargetDependency section */

/* Begin PBXVariantGroup section */
		CEFA98D217DB08C500E5EC94 /* InfoPlist.strings */ = {
			isa = PBXVariantGroup;
			children = (
				CEFA98D317DB08C500E5EC94 /* en */,
			);
			name = InfoPlist.strings;
			sourceTree = "<group>";
		};
		CEFA98DB17DB08C500E5EC94 /* Main.storyboard */ = {
			isa = PBXVariantGroup;
			children = (
				CEFA98DC17DB08C500E5EC94 /* Base */,
			);
			name = Main.storyboard;
			sourceTree = "<group>";
		};
		CEFA98F117DB08C600E5EC94 /* InfoPlist.strings */ = {
			isa = PBXVariantGroup;
			children = (
				CEFA98F217DB08C600E5EC94 /* en */,
			);
			name = InfoPlist.strings;
			sourceTree = "<group>";
		};
/* End PBXVariantGroup section */

/* Begin XCBuildConfiguration section */
		CEFA98F617DB08C600E5EC94 /* Debug */ = {
			isa = XCBuildConfiguration;
			buildSettings = {
				ALWAYS_SEARCH_USER_PATHS = NO;
				CLANG_CXX_LANGUAGE_STANDARD = "gnu++0x";
				CLANG_CXX_LIBRARY = "libc++";
				CLANG_ENABLE_MODULES = YES;
				CLANG_ENABLE_OBJC_ARC = YES;
				CLANG_WARN_BOOL_CONVERSION = YES;
				CLANG_WARN_CONSTANT_CONVERSION = YES;
				CLANG_WARN_DIRECT_OBJC_ISA_USAGE = YES_ERROR;
				CLANG_WARN_EMPTY_BODY = YES;
				CLANG_WARN_ENUM_CONVERSION = YES;
				CLANG_WARN_INT_CONVERSION = YES;
				CLANG_WARN_OBJC_ROOT_CLASS = YES_ERROR;
				CLANG_WARN__DUPLICATE_METHOD_MATCH = YES;
				"CODE_SIGN_IDENTITY[sdk=iphoneos*]" = "iPhone Developer";
				COPY_PHASE_STRIP = NO;
				GCC_C_LANGUAGE_STANDARD = gnu99;
				GCC_DYNAMIC_NO_PIC = NO;
				GCC_OPTIMIZATION_LEVEL = 0;
				GCC_PREPROCESSOR_DEFINITIONS = (
					"DEBUG=1",
					"$(inherited)",
				);
				GCC_SYMBOLS_PRIVATE_EXTERN = NO;
				GCC_WARN_ABOUT_RETURN_TYPE = YES_ERROR;
				GCC_WARN_UNDECLARED_SELECTOR = YES;
				GCC_WARN_UNINITIALIZED_AUTOS = YES;
				GCC_WARN_UNUSED_FUNCTION = YES;
				GCC_WARN_UNUSED_VARIABLE = YES;
				IPHONEOS_DEPLOYMENT_TARGET = 7.0;
				ONLY_ACTIVE_ARCH = YES;
				SDKROOT = iphoneos;
			};
			name = Debug;
		};
		CEFA98F717DB08C600E5EC94 /* Release */ = {
			isa = XCBuildConfiguration;
			buildSettings = {
				ALWAYS_SEARCH_USER_PATHS = NO;
				CLANG_CXX_LANGUAGE_STANDARD = "gnu++0x";
				CLANG_CXX_LIBRARY = "libc++";
				CLANG_ENABLE_MODULES = YES;
				CLANG_ENABLE_OBJC_ARC = YES;
				CLANG_WARN_BOOL_CONVERSION = YES;
				CLANG_WARN_CONSTANT_CONVERSION = YES;
				CLANG_WARN_DIRECT_OBJC_ISA_USAGE = YES_ERROR;
				CLANG_WARN_EMPTY_BODY = YES;
				CLANG_WARN_ENUM_CONVERSION = YES;
				CLANG_WARN_INT_CONVERSION = YES;
				CLANG_WARN_OBJC_ROOT_CLASS = YES_ERROR;
				CLANG_WARN__DUPLICATE_METHOD_MATCH = YES;
				"CODE_SIGN_IDENTITY[sdk=iphoneos*]" = "iPhone Developer";
				COPY_PHASE_STRIP = YES;
				ENABLE_NS_ASSERTIONS = NO;
				GCC_C_LANGUAGE_STANDARD = gnu99;
				GCC_WARN_ABOUT_RETURN_TYPE = YES_ERROR;
				GCC_WARN_UNDECLARED_SELECTOR = YES;
				GCC_WARN_UNINITIALIZED_AUTOS = YES;
				GCC_WARN_UNUSED_FUNCTION = YES;
				GCC_WARN_UNUSED_VARIABLE = YES;
				IPHONEOS_DEPLOYMENT_TARGET = 7.0;
				SDKROOT = iphoneos;
				VALIDATE_PRODUCT = YES;
			};
			name = Release;
		};
		CEFA98F917DB08C600E5EC94 /* Debug */ = {
			isa = XCBuildConfiguration;
			buildSettings = {
				ASSETCATALOG_COMPILER_APPICON_NAME = AppIcon;
				ASSETCATALOG_COMPILER_LAUNCHIMAGE_NAME = LaunchImage;
				GCC_PRECOMPILE_PREFIX_HEADER = YES;
				GCC_PREFIX_HEADER = "seven/seven-Prefix.pch";
				INFOPLIST_FILE = "seven/seven-Info.plist";
				PRODUCT_NAME = "$(TARGET_NAME)";
				WRAPPER_EXTENSION = app;
			};
			name = Debug;
		};
		CEFA98FA17DB08C600E5EC94 /* Release */ = {
			isa = XCBuildConfiguration;
			buildSettings = {
				ASSETCATALOG_COMPILER_APPICON_NAME = AppIcon;
				ASSETCATALOG_COMPILER_LAUNCHIMAGE_NAME = LaunchImage;
				GCC_PRECOMPILE_PREFIX_HEADER = YES;
				GCC_PREFIX_HEADER = "seven/seven-Prefix.pch";
				INFOPLIST_FILE = "seven/seven-Info.plist";
				PRODUCT_NAME = "$(TARGET_NAME)";
				WRAPPER_EXTENSION = app;
			};
			name = Release;
		};
		CEFA98FC17DB08C600E5EC94 /* Debug */ = {
			isa = XCBuildConfiguration;
			buildSettings = {
				BUNDLE_LOADER = "$(BUILT_PRODUCTS_DIR)/seven.app/seven";
				FRAMEWORK_SEARCH_PATHS = (
					"$(SDKROOT)/Developer/Library/Frameworks",
					"$(inherited)",
					"$(DEVELOPER_FRAMEWORKS_DIR)",
				);
				GCC_PRECOMPILE_PREFIX_HEADER = YES;
				GCC_PREFIX_HEADER = "seven/seven-Prefix.pch";
				GCC_PREPROCESSOR_DEFINITIONS = (
					"DEBUG=1",
					"$(inherited)",
				);
				INFOPLIST_FILE = "sevenTests/sevenTests-Info.plist";
				PRODUCT_NAME = "$(TARGET_NAME)";
				TEST_HOST = "$(BUNDLE_LOADER)";
				WRAPPER_EXTENSION = xctest;
			};
			name = Debug;
		};
		CEFA98FD17DB08C600E5EC94 /* Release */ = {
			isa = XCBuildConfiguration;
			buildSettings = {
				BUNDLE_LOADER = "$(BUILT_PRODUCTS_DIR)/seven.app/seven";
				FRAMEWORK_SEARCH_PATHS = (
					"$(SDKROOT)/Developer/Library/Frameworks",
					"$(inherited)",
					"$(DEVELOPER_FRAMEWORKS_DIR)",
				);
				GCC_PRECOMPILE_PREFIX_HEADER = YES;
				GCC_PREFIX_HEADER = "seven/seven-Prefix.pch";
				INFOPLIST_FILE = "sevenTests/sevenTests-Info.plist";
				PRODUCT_NAME = "$(TARGET_NAME)";
				TEST_HOST = "$(BUNDLE_LOADER)";
				WRAPPER_EXTENSION = xctest;
			};
			name = Release;
		};
/* End XCBuildConfiguration section */

/* Begin XCConfigurationList section */
		CEFA98C117DB08C500E5EC94 /* Build configuration list for PBXProject "seven" */ = {
			isa = XCConfigurationList;
			buildConfigurations = (
				CEFA98F617DB08C600E5EC94 /* Debug */,
				CEFA98F717DB08C600E5EC94 /* Release */,
			);
			defaultConfigurationIsVisible = 0;
			defaultConfigurationName = Release;
		};
		CEFA98F817DB08C600E5EC94 /* Build configuration list for PBXNativeTarget "seven" */ = {
			isa = XCConfigurationList;
			buildConfigurations = (
				CEFA98F917DB08C600E5EC94 /* Debug */,
				CEFA98FA17DB08C600E5EC94 /* Release */,
			);
			defaultConfigurationIsVisible = 0;
		};
		CEFA98FB17DB08C600E5EC94 /* Build configuration list for PBXNativeTarget "sevenTests" */ = {
			isa = XCConfigurationList;
			buildConfigurations = (
				CEFA98FC17DB08C600E5EC94 /* Debug */,
				CEFA98FD17DB08C600E5EC94 /* Release */,
			);
			defaultConfigurationIsVisible = 0;
		};
/* End XCConfigurationList section */
	};
	rootObject = CEFA98BE17DB08C500E5EC94 /* Project object */;
}
