// !$*UTF8*$!
{
	archiveVersion = 1;
	classes = {
	};
	objectVersion = 46;
	objects = {

/* Begin PBXBuildFile section */
		CE78DA3E17B45F2E00A6607D /* main.cpp in Sources */ = {isa = PBXBuildFile; fileRef = CE78DA3D17B45F2E00A6607D /* main.cpp */; };
		CE78DA4017B45F2E00A6607D /* coins.1 in CopyFiles */ = {isa = PBXBuildFile; fileRef = CE78DA3F17B45F2E00A6607D /* coins.1 */; };
/* End PBXBuildFile section */

/* Begin PBXCopyFilesBuildPhase section */
		CE78DA3817B45F2E00A6607D /* CopyFiles */ = {
			isa = PBXCopyFilesBuildPhase;
			buildActionMask = 2147483647;
			dstPath = /usr/share/man/man1/;
			dstSubfolderSpec = 0;
			files = (
				CE78DA4017B45F2E00A6607D /* coins.1 in CopyFiles */,
			);
			runOnlyForDeploymentPostprocessing = 1;
		};
/* End PBXCopyFilesBuildPhase section */

/* Begin PBXFileReference section */
		CE78DA3A17B45F2E00A6607D /* coins */ = {isa = PBXFileReference; explicitFileType = "compiled.mach-o.executable"; includeInIndex = 0; path = coins; sourceTree = BUILT_PRODUCTS_DIR; };
		CE78DA3D17B45F2E00A6607D /* main.cpp */ = {isa = PBXFileReference; lastKnownFileType = sourcecode.cpp.cpp; path = main.cpp; sourceTree = "<group>"; };
		CE78DA3F17B45F2E00A6607D /* coins.1 */ = {isa = PBXFileReference; lastKnownFileType = text.man; path = coins.1; sourceTree = "<group>"; };
		CE78DA4617B468F400A6607D /* i.in */ = {isa = PBXFileReference; fileEncoding = 4; lastKnownFileType = text; path = i.in; sourceTree = "<group>"; };
/* End PBXFileReference section */

/* Begin PBXFrameworksBuildPhase section */
		CE78DA3717B45F2E00A6607D /* Frameworks */ = {
			isa = PBXFrameworksBuildPhase;
			buildActionMask = 2147483647;
			files = (
			);
			runOnlyForDeploymentPostprocessing = 0;
		};
/* End PBXFrameworksBuildPhase section */

/* Begin PBXGroup section */
		CE78DA3117B45F2E00A6607D = {
			isa = PBXGroup;
			children = (
				CE78DA3C17B45F2E00A6607D /* coins */,
				CE78DA3B17B45F2E00A6607D /* Products */,
			);
			sourceTree = "<group>";
		};
		CE78DA3B17B45F2E00A6607D /* Products */ = {
			isa = PBXGroup;
			children = (
				CE78DA3A17B45F2E00A6607D /* coins */,
			);
			name = Products;
			sourceTree = "<group>";
		};
		CE78DA3C17B45F2E00A6607D /* coins */ = {
			isa = PBXGroup;
			children = (
				CE78DA3D17B45F2E00A6607D /* main.cpp */,
				CE78DA4617B468F400A6607D /* i.in */,
				CE78DA3F17B45F2E00A6607D /* coins.1 */,
			);
			path = coins;
			sourceTree = "<group>";
		};
/* End PBXGroup section */

/* Begin PBXNativeTarget section */
		CE78DA3917B45F2E00A6607D /* coins */ = {
			isa = PBXNativeTarget;
			buildConfigurationList = CE78DA4317B45F2E00A6607D /* Build configuration list for PBXNativeTarget "coins" */;
			buildPhases = (
				CE78DA3617B45F2E00A6607D /* Sources */,
				CE78DA3717B45F2E00A6607D /* Frameworks */,
				CE78DA3817B45F2E00A6607D /* CopyFiles */,
			);
			buildRules = (
			);
			dependencies = (
			);
			name = coins;
			productName = coins;
			productReference = CE78DA3A17B45F2E00A6607D /* coins */;
			productType = "com.apple.product-type.tool";
		};
/* End PBXNativeTarget section */

/* Begin PBXProject section */
		CE78DA3217B45F2E00A6607D /* Project object */ = {
			isa = PBXProject;
			attributes = {
				LastUpgradeCheck = 0460;
				ORGANIZATIONNAME = User;
			};
			buildConfigurationList = CE78DA3517B45F2E00A6607D /* Build configuration list for PBXProject "coins" */;
			compatibilityVersion = "Xcode 3.2";
			developmentRegion = English;
			hasScannedForEncodings = 0;
			knownRegions = (
				en,
			);
			mainGroup = CE78DA3117B45F2E00A6607D;
			productRefGroup = CE78DA3B17B45F2E00A6607D /* Products */;
			projectDirPath = "";
			projectRoot = "";
			targets = (
				CE78DA3917B45F2E00A6607D /* coins */,
			);
		};
/* End PBXProject section */

/* Begin PBXSourcesBuildPhase section */
		CE78DA3617B45F2E00A6607D /* Sources */ = {
			isa = PBXSourcesBuildPhase;
			buildActionMask = 2147483647;
			files = (
				CE78DA3E17B45F2E00A6607D /* main.cpp in Sources */,
			);
			runOnlyForDeploymentPostprocessing = 0;
		};
/* End PBXSourcesBuildPhase section */

/* Begin XCBuildConfiguration section */
		CE78DA4117B45F2E00A6607D /* Debug */ = {
			isa = XCBuildConfiguration;
			buildSettings = {
				ALWAYS_SEARCH_USER_PATHS = NO;
				ARCHS = "$(ARCHS_STANDARD_64_BIT)";
				CLANG_CXX_LANGUAGE_STANDARD = "gnu++0x";
				CLANG_CXX_LIBRARY = "libc++";
				CLANG_WARN_CONSTANT_CONVERSION = YES;
				CLANG_WARN_EMPTY_BODY = YES;
				CLANG_WARN_ENUM_CONVERSION = YES;
				CLANG_WARN_INT_CONVERSION = YES;
				CLANG_WARN__DUPLICATE_METHOD_MATCH = YES;
				COPY_PHASE_STRIP = NO;
				GCC_C_LANGUAGE_STANDARD = gnu99;
				GCC_DYNAMIC_NO_PIC = NO;
				GCC_ENABLE_OBJC_EXCEPTIONS = YES;
				GCC_OPTIMIZATION_LEVEL = 0;
				GCC_PREPROCESSOR_DEFINITIONS = (
					"DEBUG=1",
					"$(inherited)",
				);
				GCC_SYMBOLS_PRIVATE_EXTERN = NO;
				GCC_WARN_64_TO_32_BIT_CONVERSION = YES;
				GCC_WARN_ABOUT_RETURN_TYPE = YES;
				GCC_WARN_UNINITIALIZED_AUTOS = YES;
				GCC_WARN_UNUSED_VARIABLE = YES;
				MACOSX_DEPLOYMENT_TARGET = 10.8;
				ONLY_ACTIVE_ARCH = YES;
				SDKROOT = macosx;
			};
			name = Debug;
		};
		CE78DA4217B45F2E00A6607D /* Release */ = {
			isa = XCBuildConfiguration;
			buildSettings = {
				ALWAYS_SEARCH_USER_PATHS = NO;
				ARCHS = "$(ARCHS_STANDARD_64_BIT)";
				CLANG_CXX_LANGUAGE_STANDARD = "gnu++0x";
				CLANG_CXX_LIBRARY = "libc++";
				CLANG_WARN_CONSTANT_CONVERSION = YES;
				CLANG_WARN_EMPTY_BODY = YES;
				CLANG_WARN_ENUM_CONVERSION = YES;
				CLANG_WARN_INT_CONVERSION = YES;
				CLANG_WARN__DUPLICATE_METHOD_MATCH = YES;
				COPY_PHASE_STRIP = YES;
				DEBUG_INFORMATION_FORMAT = "dwarf-with-dsym";
				GCC_C_LANGUAGE_STANDARD = gnu99;
				GCC_ENABLE_OBJC_EXCEPTIONS = YES;
				GCC_WARN_64_TO_32_BIT_CONVERSION = YES;
				GCC_WARN_ABOUT_RETURN_TYPE = YES;
				GCC_WARN_UNINITIALIZED_AUTOS = YES;
				GCC_WARN_UNUSED_VARIABLE = YES;
				MACOSX_DEPLOYMENT_TARGET = 10.8;
				SDKROOT = macosx;
			};
			name = Release;
		};
		CE78DA4417B45F2E00A6607D /* Debug */ = {
			isa = XCBuildConfiguration;
			buildSettings = {
				PRODUCT_NAME = "$(TARGET_NAME)";
			};
			name = Debug;
		};
		CE78DA4517B45F2E00A6607D /* Release */ = {
			isa = XCBuildConfiguration;
			buildSettings = {
				PRODUCT_NAME = "$(TARGET_NAME)";
			};
			name = Release;
		};
/* End XCBuildConfiguration section */

/* Begin XCConfigurationList section */
		CE78DA3517B45F2E00A6607D /* Build configuration list for PBXProject "coins" */ = {
			isa = XCConfigurationList;
			buildConfigurations = (
				CE78DA4117B45F2E00A6607D /* Debug */,
				CE78DA4217B45F2E00A6607D /* Release */,
			);
			defaultConfigurationIsVisible = 0;
			defaultConfigurationName = Release;
		};
		CE78DA4317B45F2E00A6607D /* Build configuration list for PBXNativeTarget "coins" */ = {
			isa = XCConfigurationList;
			buildConfigurations = (
				CE78DA4417B45F2E00A6607D /* Debug */,
				CE78DA4517B45F2E00A6607D /* Release */,
			);
			defaultConfigurationIsVisible = 0;
		};
/* End XCConfigurationList section */
	};
	rootObject = CE78DA3217B45F2E00A6607D /* Project object */;
}
